
Microsoft Visual Studio Solution File, Format Version 12.00
# Visual Studio Version 16
VisualStudioVersion = 16.0.30621.155
MinimumVisualStudioVersion = 10.0.40219.1
Project("{8BC9CEB8-8B4A-11D0-8D11-00A0C91BC942}") = "HydroGarden", "HydroGarden.vcxproj", "{6CB82F45-DB8B-402B-883B-789D1325E458}"
EndProject
Project("{8BC9CEB8-8B4A-11D0-8D11-00A0C91BC942}") = "bcm2835", "bcm2835\bcm2835.vcxproj", "{8C361292-1874-4820-9056-4753694C92EB}"
EndProject
Project("{8BC9CEB8-8B4A-11D0-8D11-00A0C91BC942}") = "pistache", "External\pistache-master\pistache\pistache.vcxproj", "{66C55411-6A3B-464C-8303-2767B2E36E61}"
EndProject
Project("{2150E333-8FDC-42A3-9474-1A3956D46DE8}") = "External", "External", "{615E2A77-7A43-4EC9-82BA-904833CEF007}"
EndProject
Project("{8BC9CEB8-8B4A-11D0-8D11-00A0C91BC942}") = "libwpa", "External\libwpa\libwpa.vcxproj", "{F4B46F02-E818-40BC-829C-1DBCA8DA16FF}"
EndProject
Project("{2150E333-8FDC-42A3-9474-1A3956D46DE8}") = "WPA Library", "WPA Library", "{FB47F6AF-B420-4BC3-8208-CEE9509863D2}"
EndProject
Project("{8BC9CEB8-8B4A-11D0-8D11-00A0C91BC942}") = "LibWPATests", "External\libwpa\LibWPATests\LibWPATests.vcxproj", "{FB365DA3-8ACC-43FF-BCDC-79A6A1D78006}"
EndProject
Project("{8BC9CEB8-8B4A-11D0-8D11-00A0C91BC942}") = "InstallLib", "InstallLib\InstallLib.vcxproj", "{F20DCED5-681E-46B6-A869-C85D23EC982F}"
EndProject
Project("{2150E333-8FDC-42A3-9474-1A3956D46DE8}") = "Packaging", "Packaging", "{E2B33E75-64D0-4C0A-93A8-D52978A85C77}"
EndProject
Project("{8BC9CEB8-8B4A-11D0-8D11-00A0C91BC942}") = "AddPkgFile", "InstallLib\AddPkgFile\AddPkgFile.vcxproj", "{BD313634-AF8A-43A7-81C5-7AD0C3785229}"
EndProject
Project("{8BC9CEB8-8B4A-11D0-8D11-00A0C91BC942}") = "CreatePkg", "InstallLib\CreatePkg\CreatePkg.vcxproj", "{8040B59D-9BA0-4D2A-99FF-1FFB9ED68AAD}"
EndProject
Project("{8BC9CEB8-8B4A-11D0-8D11-00A0C91BC942}") = "GeneratePkg", "InstallLib\GeneratePkg\GeneratePkg.vcxproj", "{6660C456-FB0D-4F2A-AC6A-4B99C6A92AED}"
EndProject
Project("{8BC9CEB8-8B4A-11D0-8D11-00A0C91BC942}") = "libuuid", "External\libuuid\libuuid\libuuid.vcxproj", "{CBB0E6C2-10D9-4400-B0AA-21171B756B64}"
EndProject
Project("{8BC9CEB8-8B4A-11D0-8D11-00A0C91BC942}") = "libarchive", "External\libarchive\libarchive\libarchive.vcxproj", "{1DF41516-8CF7-4E3E-BBA3-138F027A82B3}"
EndProject
Project("{2150E333-8FDC-42A3-9474-1A3956D46DE8}") = "lvgl", "lvgl", "{30850577-DECF-45EC-9B32-43452BED2BA8}"
EndProject
Project("{8BC9CEB8-8B4A-11D0-8D11-00A0C91BC942}") = "lvgl", "External\lvgl-dev\lvgl\lvgl.vcxproj", "{E0B27AC8-4036-46E1-AAB4-CC4177AF88BB}"
EndProject
Project("{8BC9CEB8-8B4A-11D0-8D11-00A0C91BC942}") = "lvgldrivers", "External\lv_drivers-master\lvgldrivers\lvgldrivers.vcxproj", "{12FC350C-20F7-420C-8B75-EF8920AB4B3F}"
EndProject
Project("{8BC9CEB8-8B4A-11D0-8D11-00A0C91BC942}") = "Discovery", "Discovery\Discovery.vcxproj", "{12E255AB-46D4-4697-9685-684565C7FD4B}"
EndProject
Project("{8BC9CEB8-8B4A-11D0-8D11-00A0C91BC942}") = "libpupnp", "External\pupnp-master\libpupnp\libpupnp.vcxproj", "{5BC897B7-0A39-4F62-986E-306C708B29C0}"
EndProject
Global
	GlobalSection(SolutionConfigurationPlatforms) = preSolution
		Debug|Any CPU = Debug|Any CPU
		Debug|VisualGDB = Debug|VisualGDB
		MinSizeRel|Any CPU = MinSizeRel|Any CPU
		MinSizeRel|VisualGDB = MinSizeRel|VisualGDB
		Release|Any CPU = Release|Any CPU
		Release|VisualGDB = Release|VisualGDB
		RelWithDebInfo|Any CPU = RelWithDebInfo|Any CPU
		RelWithDebInfo|VisualGDB = RelWithDebInfo|VisualGDB
	EndGlobalSection
	GlobalSection(ProjectConfigurationPlatforms) = postSolution
		{6CB82F45-DB8B-402B-883B-789D1325E458}.Debug|Any CPU.ActiveCfg = Debug|VisualGDB
		{6CB82F45-DB8B-402B-883B-789D1325E458}.Debug|Any CPU.Build.0 = Debug|VisualGDB
		{6CB82F45-DB8B-402B-883B-789D1325E458}.Debug|VisualGDB.ActiveCfg = Debug|VisualGDB
		{6CB82F45-DB8B-402B-883B-789D1325E458}.Debug|VisualGDB.Build.0 = Debug|VisualGDB
		{6CB82F45-DB8B-402B-883B-789D1325E458}.MinSizeRel|Any CPU.ActiveCfg = Release|VisualGDB
		{6CB82F45-DB8B-402B-883B-789D1325E458}.MinSizeRel|Any CPU.Build.0 = Release|VisualGDB
		{6CB82F45-DB8B-402B-883B-789D1325E458}.MinSizeRel|VisualGDB.ActiveCfg = Release|VisualGDB
		{6CB82F45-DB8B-402B-883B-789D1325E458}.MinSizeRel|VisualGDB.Build.0 = Release|VisualGDB
		{6CB82F45-DB8B-402B-883B-789D1325E458}.Release|Any CPU.ActiveCfg = Release|VisualGDB
		{6CB82F45-DB8B-402B-883B-789D1325E458}.Release|VisualGDB.ActiveCfg = Release|VisualGDB
		{6CB82F45-DB8B-402B-883B-789D1325E458}.Release|VisualGDB.Build.0 = Release|VisualGDB
		{6CB82F45-DB8B-402B-883B-789D1325E458}.RelWithDebInfo|Any CPU.ActiveCfg = Release|VisualGDB
		{6CB82F45-DB8B-402B-883B-789D1325E458}.RelWithDebInfo|Any CPU.Build.0 = Release|VisualGDB
		{6CB82F45-DB8B-402B-883B-789D1325E458}.RelWithDebInfo|VisualGDB.ActiveCfg = Release|VisualGDB
		{6CB82F45-DB8B-402B-883B-789D1325E458}.RelWithDebInfo|VisualGDB.Build.0 = Release|VisualGDB
		{8C361292-1874-4820-9056-4753694C92EB}.Debug|Any CPU.ActiveCfg = Debug|VisualGDB
		{8C361292-1874-4820-9056-4753694C92EB}.Debug|Any CPU.Build.0 = Debug|VisualGDB
		{8C361292-1874-4820-9056-4753694C92EB}.Debug|VisualGDB.ActiveCfg = Debug|VisualGDB
		{8C361292-1874-4820-9056-4753694C92EB}.Debug|VisualGDB.Build.0 = Debug|VisualGDB
		{8C361292-1874-4820-9056-4753694C92EB}.MinSizeRel|Any CPU.ActiveCfg = Release|VisualGDB
		{8C361292-1874-4820-9056-4753694C92EB}.MinSizeRel|Any CPU.Build.0 = Release|VisualGDB
		{8C361292-1874-4820-9056-4753694C92EB}.MinSizeRel|VisualGDB.ActiveCfg = Release|VisualGDB
		{8C361292-1874-4820-9056-4753694C92EB}.MinSizeRel|VisualGDB.Build.0 = Release|VisualGDB
		{8C361292-1874-4820-9056-4753694C92EB}.Release|Any CPU.ActiveCfg = Release|VisualGDB
		{8C361292-1874-4820-9056-4753694C92EB}.Release|VisualGDB.ActiveCfg = Release|VisualGDB
		{8C361292-1874-4820-9056-4753694C92EB}.Release|VisualGDB.Build.0 = Release|VisualGDB
		{8C361292-1874-4820-9056-4753694C92EB}.RelWithDebInfo|Any CPU.ActiveCfg = Release|VisualGDB
		{8C361292-1874-4820-9056-4753694C92EB}.RelWithDebInfo|Any CPU.Build.0 = Release|VisualGDB
		{8C361292-1874-4820-9056-4753694C92EB}.RelWithDebInfo|VisualGDB.ActiveCfg = Release|VisualGDB
		{8C361292-1874-4820-9056-4753694C92EB}.RelWithDebInfo|VisualGDB.Build.0 = Release|VisualGDB
		{66C55411-6A3B-464C-8303-2767B2E36E61}.Debug|Any CPU.ActiveCfg = Debug|VisualGDB
		{66C55411-6A3B-464C-8303-2767B2E36E61}.Debug|Any CPU.Build.0 = Debug|VisualGDB
		{66C55411-6A3B-464C-8303-2767B2E36E61}.Debug|VisualGDB.ActiveCfg = Debug|VisualGDB
		{66C55411-6A3B-464C-8303-2767B2E36E61}.Debug|VisualGDB.Build.0 = Debug|VisualGDB
		{66C55411-6A3B-464C-8303-2767B2E36E61}.MinSizeRel|Any CPU.ActiveCfg = Release|VisualGDB
		{66C55411-6A3B-464C-8303-2767B2E36E61}.MinSizeRel|Any CPU.Build.0 = Release|VisualGDB
		{66C55411-6A3B-464C-8303-2767B2E36E61}.MinSizeRel|VisualGDB.ActiveCfg = Release|VisualGDB
		{66C55411-6A3B-464C-8303-2767B2E36E61}.MinSizeRel|VisualGDB.Build.0 = Release|VisualGDB
		{66C55411-6A3B-464C-8303-2767B2E36E61}.Release|Any CPU.ActiveCfg = Release|VisualGDB
		{66C55411-6A3B-464C-8303-2767B2E36E61}.Release|VisualGDB.ActiveCfg = Release|VisualGDB
		{66C55411-6A3B-464C-8303-2767B2E36E61}.Release|VisualGDB.Build.0 = Release|VisualGDB
		{66C55411-6A3B-464C-8303-2767B2E36E61}.RelWithDebInfo|Any CPU.ActiveCfg = Release|VisualGDB
		{66C55411-6A3B-464C-8303-2767B2E36E61}.RelWithDebInfo|Any CPU.Build.0 = Release|VisualGDB
		{66C55411-6A3B-464C-8303-2767B2E36E61}.RelWithDebInfo|VisualGDB.ActiveCfg = Release|VisualGDB
		{66C55411-6A3B-464C-8303-2767B2E36E61}.RelWithDebInfo|VisualGDB.Build.0 = Release|VisualGDB
		{F4B46F02-E818-40BC-829C-1DBCA8DA16FF}.Debug|Any CPU.ActiveCfg = Debug|VisualGDB
		{F4B46F02-E818-40BC-829C-1DBCA8DA16FF}.Debug|Any CPU.Build.0 = Debug|VisualGDB
		{F4B46F02-E818-40BC-829C-1DBCA8DA16FF}.Debug|VisualGDB.ActiveCfg = Debug|VisualGDB
		{F4B46F02-E818-40BC-829C-1DBCA8DA16FF}.Debug|VisualGDB.Build.0 = Debug|VisualGDB
		{F4B46F02-E818-40BC-829C-1DBCA8DA16FF}.MinSizeRel|Any CPU.ActiveCfg = Release|VisualGDB
		{F4B46F02-E818-40BC-829C-1DBCA8DA16FF}.MinSizeRel|Any CPU.Build.0 = Release|VisualGDB
		{F4B46F02-E818-40BC-829C-1DBCA8DA16FF}.MinSizeRel|VisualGDB.ActiveCfg = Release|VisualGDB
		{F4B46F02-E818-40BC-829C-1DBCA8DA16FF}.MinSizeRel|VisualGDB.Build.0 = Release|VisualGDB
		{F4B46F02-E818-40BC-829C-1DBCA8DA16FF}.Release|Any CPU.ActiveCfg = Release|VisualGDB
		{F4B46F02-E818-40BC-829C-1DBCA8DA16FF}.Release|VisualGDB.ActiveCfg = Release|VisualGDB
		{F4B46F02-E818-40BC-829C-1DBCA8DA16FF}.Release|VisualGDB.Build.0 = Release|VisualGDB
		{F4B46F02-E818-40BC-829C-1DBCA8DA16FF}.RelWithDebInfo|Any CPU.ActiveCfg = Release|VisualGDB
		{F4B46F02-E818-40BC-829C-1DBCA8DA16FF}.RelWithDebInfo|Any CPU.Build.0 = Release|VisualGDB
		{F4B46F02-E818-40BC-829C-1DBCA8DA16FF}.RelWithDebInfo|VisualGDB.ActiveCfg = Release|VisualGDB
		{F4B46F02-E818-40BC-829C-1DBCA8DA16FF}.RelWithDebInfo|VisualGDB.Build.0 = Release|VisualGDB
		{FB365DA3-8ACC-43FF-BCDC-79A6A1D78006}.Debug|Any CPU.ActiveCfg = Debug|VisualGDB
		{FB365DA3-8ACC-43FF-BCDC-79A6A1D78006}.Debug|Any CPU.Build.0 = Debug|VisualGDB
		{FB365DA3-8ACC-43FF-BCDC-79A6A1D78006}.Debug|VisualGDB.ActiveCfg = Debug|VisualGDB
		{FB365DA3-8ACC-43FF-BCDC-79A6A1D78006}.Debug|VisualGDB.Build.0 = Debug|VisualGDB
		{FB365DA3-8ACC-43FF-BCDC-79A6A1D78006}.MinSizeRel|Any CPU.ActiveCfg = Release|VisualGDB
		{FB365DA3-8ACC-43FF-BCDC-79A6A1D78006}.MinSizeRel|Any CPU.Build.0 = Release|VisualGDB
		{FB365DA3-8ACC-43FF-BCDC-79A6A1D78006}.MinSizeRel|VisualGDB.ActiveCfg = Release|VisualGDB
		{FB365DA3-8ACC-43FF-BCDC-79A6A1D78006}.MinSizeRel|VisualGDB.Build.0 = Release|VisualGDB
		{FB365DA3-8ACC-43FF-BCDC-79A6A1D78006}.Release|Any CPU.ActiveCfg = Release|VisualGDB
		{FB365DA3-8ACC-43FF-BCDC-79A6A1D78006}.Release|VisualGDB.ActiveCfg = Release|VisualGDB
		{FB365DA3-8ACC-43FF-BCDC-79A6A1D78006}.RelWithDebInfo|Any CPU.ActiveCfg = Release|VisualGDB
		{FB365DA3-8ACC-43FF-BCDC-79A6A1D78006}.RelWithDebInfo|Any CPU.Build.0 = Release|VisualGDB
		{FB365DA3-8ACC-43FF-BCDC-79A6A1D78006}.RelWithDebInfo|VisualGDB.ActiveCfg = Release|VisualGDB
		{FB365DA3-8ACC-43FF-BCDC-79A6A1D78006}.RelWithDebInfo|VisualGDB.Build.0 = Release|VisualGDB
		{F20DCED5-681E-46B6-A869-C85D23EC982F}.Debug|Any CPU.ActiveCfg = Debug|VisualGDB
		{F20DCED5-681E-46B6-A869-C85D23EC982F}.Debug|Any CPU.Build.0 = Debug|VisualGDB
		{F20DCED5-681E-46B6-A869-C85D23EC982F}.Debug|VisualGDB.ActiveCfg = Debug|VisualGDB
		{F20DCED5-681E-46B6-A869-C85D23EC982F}.Debug|VisualGDB.Build.0 = Debug|VisualGDB
		{F20DCED5-681E-46B6-A869-C85D23EC982F}.MinSizeRel|Any CPU.ActiveCfg = Release|VisualGDB
		{F20DCED5-681E-46B6-A869-C85D23EC982F}.MinSizeRel|Any CPU.Build.0 = Release|VisualGDB
		{F20DCED5-681E-46B6-A869-C85D23EC982F}.MinSizeRel|VisualGDB.ActiveCfg = Release|VisualGDB
		{F20DCED5-681E-46B6-A869-C85D23EC982F}.MinSizeRel|VisualGDB.Build.0 = Release|VisualGDB
		{F20DCED5-681E-46B6-A869-C85D23EC982F}.Release|Any CPU.ActiveCfg = Release|VisualGDB
		{F20DCED5-681E-46B6-A869-C85D23EC982F}.Release|VisualGDB.ActiveCfg = Release|VisualGDB
		{F20DCED5-681E-46B6-A869-C85D23EC982F}.Release|VisualGDB.Build.0 = Release|VisualGDB
		{F20DCED5-681E-46B6-A869-C85D23EC982F}.RelWithDebInfo|Any CPU.ActiveCfg = Release|VisualGDB
		{F20DCED5-681E-46B6-A869-C85D23EC982F}.RelWithDebInfo|Any CPU.Build.0 = Release|VisualGDB
		{F20DCED5-681E-46B6-A869-C85D23EC982F}.RelWithDebInfo|VisualGDB.ActiveCfg = Release|VisualGDB
		{F20DCED5-681E-46B6-A869-C85D23EC982F}.RelWithDebInfo|VisualGDB.Build.0 = Release|VisualGDB
		{BD313634-AF8A-43A7-81C5-7AD0C3785229}.Debug|Any CPU.ActiveCfg = Debug|VisualGDB
		{BD313634-AF8A-43A7-81C5-7AD0C3785229}.Debug|Any CPU.Build.0 = Debug|VisualGDB
		{BD313634-AF8A-43A7-81C5-7AD0C3785229}.Debug|VisualGDB.ActiveCfg = Debug|VisualGDB
		{BD313634-AF8A-43A7-81C5-7AD0C3785229}.Debug|VisualGDB.Build.0 = Debug|VisualGDB
		{BD313634-AF8A-43A7-81C5-7AD0C3785229}.MinSizeRel|Any CPU.ActiveCfg = Release|VisualGDB
		{BD313634-AF8A-43A7-81C5-7AD0C3785229}.MinSizeRel|Any CPU.Build.0 = Release|VisualGDB
		{BD313634-AF8A-43A7-81C5-7AD0C3785229}.MinSizeRel|VisualGDB.ActiveCfg = Release|VisualGDB
		{BD313634-AF8A-43A7-81C5-7AD0C3785229}.MinSizeRel|VisualGDB.Build.0 = Release|VisualGDB
		{BD313634-AF8A-43A7-81C5-7AD0C3785229}.Release|Any CPU.ActiveCfg = Release|VisualGDB
		{BD313634-AF8A-43A7-81C5-7AD0C3785229}.Release|VisualGDB.ActiveCfg = Release|VisualGDB
		{BD313634-AF8A-43A7-81C5-7AD0C3785229}.Release|VisualGDB.Build.0 = Release|VisualGDB
		{BD313634-AF8A-43A7-81C5-7AD0C3785229}.RelWithDebInfo|Any CPU.ActiveCfg = Release|VisualGDB
		{BD313634-AF8A-43A7-81C5-7AD0C3785229}.RelWithDebInfo|Any CPU.Build.0 = Release|VisualGDB
		{BD313634-AF8A-43A7-81C5-7AD0C3785229}.RelWithDebInfo|VisualGDB.ActiveCfg = Release|VisualGDB
		{BD313634-AF8A-43A7-81C5-7AD0C3785229}.RelWithDebInfo|VisualGDB.Build.0 = Release|VisualGDB
		{8040B59D-9BA0-4D2A-99FF-1FFB9ED68AAD}.Debug|Any CPU.ActiveCfg = Debug|VisualGDB
		{8040B59D-9BA0-4D2A-99FF-1FFB9ED68AAD}.Debug|Any CPU.Build.0 = Debug|VisualGDB
		{8040B59D-9BA0-4D2A-99FF-1FFB9ED68AAD}.Debug|VisualGDB.ActiveCfg = Debug|VisualGDB
		{8040B59D-9BA0-4D2A-99FF-1FFB9ED68AAD}.Debug|VisualGDB.Build.0 = Debug|VisualGDB
		{8040B59D-9BA0-4D2A-99FF-1FFB9ED68AAD}.MinSizeRel|Any CPU.ActiveCfg = Release|VisualGDB
		{8040B59D-9BA0-4D2A-99FF-1FFB9ED68AAD}.MinSizeRel|Any CPU.Build.0 = Release|VisualGDB
		{8040B59D-9BA0-4D2A-99FF-1FFB9ED68AAD}.MinSizeRel|VisualGDB.ActiveCfg = Release|VisualGDB
		{8040B59D-9BA0-4D2A-99FF-1FFB9ED68AAD}.MinSizeRel|VisualGDB.Build.0 = Release|VisualGDB
		{8040B59D-9BA0-4D2A-99FF-1FFB9ED68AAD}.Release|Any CPU.ActiveCfg = Release|VisualGDB
		{8040B59D-9BA0-4D2A-99FF-1FFB9ED68AAD}.Release|VisualGDB.ActiveCfg = Release|VisualGDB
		{8040B59D-9BA0-4D2A-99FF-1FFB9ED68AAD}.Release|VisualGDB.Build.0 = Release|VisualGDB
		{8040B59D-9BA0-4D2A-99FF-1FFB9ED68AAD}.RelWithDebInfo|Any CPU.ActiveCfg = Release|VisualGDB
		{8040B59D-9BA0-4D2A-99FF-1FFB9ED68AAD}.RelWithDebInfo|Any CPU.Build.0 = Release|VisualGDB
		{8040B59D-9BA0-4D2A-99FF-1FFB9ED68AAD}.RelWithDebInfo|VisualGDB.ActiveCfg = Release|VisualGDB
		{8040B59D-9BA0-4D2A-99FF-1FFB9ED68AAD}.RelWithDebInfo|VisualGDB.Build.0 = Release|VisualGDB
		{6660C456-FB0D-4F2A-AC6A-4B99C6A92AED}.Debug|Any CPU.ActiveCfg = Debug|VisualGDB
		{6660C456-FB0D-4F2A-AC6A-4B99C6A92AED}.Debug|Any CPU.Build.0 = Debug|VisualGDB
		{6660C456-FB0D-4F2A-AC6A-4B99C6A92AED}.Debug|VisualGDB.ActiveCfg = Debug|VisualGDB
		{6660C456-FB0D-4F2A-AC6A-4B99C6A92AED}.Debug|VisualGDB.Build.0 = Debug|VisualGDB
		{6660C456-FB0D-4F2A-AC6A-4B99C6A92AED}.MinSizeRel|Any CPU.ActiveCfg = Release|VisualGDB
		{6660C456-FB0D-4F2A-AC6A-4B99C6A92AED}.MinSizeRel|Any CPU.Build.0 = Release|VisualGDB
		{6660C456-FB0D-4F2A-AC6A-4B99C6A92AED}.MinSizeRel|VisualGDB.ActiveCfg = Release|VisualGDB
		{6660C456-FB0D-4F2A-AC6A-4B99C6A92AED}.MinSizeRel|VisualGDB.Build.0 = Release|VisualGDB
		{6660C456-FB0D-4F2A-AC6A-4B99C6A92AED}.Release|Any CPU.ActiveCfg = Release|VisualGDB
		{6660C456-FB0D-4F2A-AC6A-4B99C6A92AED}.Release|VisualGDB.ActiveCfg = Release|VisualGDB
		{6660C456-FB0D-4F2A-AC6A-4B99C6A92AED}.Release|VisualGDB.Build.0 = Release|VisualGDB
		{6660C456-FB0D-4F2A-AC6A-4B99C6A92AED}.RelWithDebInfo|Any CPU.ActiveCfg = Release|VisualGDB
		{6660C456-FB0D-4F2A-AC6A-4B99C6A92AED}.RelWithDebInfo|Any CPU.Build.0 = Release|VisualGDB
		{6660C456-FB0D-4F2A-AC6A-4B99C6A92AED}.RelWithDebInfo|VisualGDB.ActiveCfg = Release|VisualGDB
		{6660C456-FB0D-4F2A-AC6A-4B99C6A92AED}.RelWithDebInfo|VisualGDB.Build.0 = Release|VisualGDB
		{CBB0E6C2-10D9-4400-B0AA-21171B756B64}.Debug|Any CPU.ActiveCfg = Debug|VisualGDB
		{CBB0E6C2-10D9-4400-B0AA-21171B756B64}.Debug|Any CPU.Build.0 = Debug|VisualGDB
		{CBB0E6C2-10D9-4400-B0AA-21171B756B64}.Debug|VisualGDB.ActiveCfg = Debug|VisualGDB
		{CBB0E6C2-10D9-4400-B0AA-21171B756B64}.Debug|VisualGDB.Build.0 = Debug|VisualGDB
		{CBB0E6C2-10D9-4400-B0AA-21171B756B64}.MinSizeRel|Any CPU.ActiveCfg = Release|VisualGDB
		{CBB0E6C2-10D9-4400-B0AA-21171B756B64}.MinSizeRel|Any CPU.Build.0 = Release|VisualGDB
		{CBB0E6C2-10D9-4400-B0AA-21171B756B64}.MinSizeRel|VisualGDB.ActiveCfg = Release|VisualGDB
		{CBB0E6C2-10D9-4400-B0AA-21171B756B64}.MinSizeRel|VisualGDB.Build.0 = Release|VisualGDB
		{CBB0E6C2-10D9-4400-B0AA-21171B756B64}.Release|Any CPU.ActiveCfg = Release|VisualGDB
		{CBB0E6C2-10D9-4400-B0AA-21171B756B64}.Release|VisualGDB.ActiveCfg = Release|VisualGDB
		{CBB0E6C2-10D9-4400-B0AA-21171B756B64}.Release|VisualGDB.Build.0 = Release|VisualGDB
		{CBB0E6C2-10D9-4400-B0AA-21171B756B64}.RelWithDebInfo|Any CPU.ActiveCfg = Release|VisualGDB
		{CBB0E6C2-10D9-4400-B0AA-21171B756B64}.RelWithDebInfo|Any CPU.Build.0 = Release|VisualGDB
		{CBB0E6C2-10D9-4400-B0AA-21171B756B64}.RelWithDebInfo|VisualGDB.ActiveCfg = Release|VisualGDB
		{CBB0E6C2-10D9-4400-B0AA-21171B756B64}.RelWithDebInfo|VisualGDB.Build.0 = Release|VisualGDB
		{1DF41516-8CF7-4E3E-BBA3-138F027A82B3}.Debug|Any CPU.ActiveCfg = Debug|VisualGDB
		{1DF41516-8CF7-4E3E-BBA3-138F027A82B3}.Debug|Any CPU.Build.0 = Debug|VisualGDB
		{1DF41516-8CF7-4E3E-BBA3-138F027A82B3}.Debug|VisualGDB.ActiveCfg = Debug|VisualGDB
		{1DF41516-8CF7-4E3E-BBA3-138F027A82B3}.Debug|VisualGDB.Build.0 = Debug|VisualGDB
		{1DF41516-8CF7-4E3E-BBA3-138F027A82B3}.MinSizeRel|Any CPU.ActiveCfg = Release|VisualGDB
		{1DF41516-8CF7-4E3E-BBA3-138F027A82B3}.MinSizeRel|Any CPU.Build.0 = Release|VisualGDB
		{1DF41516-8CF7-4E3E-BBA3-138F027A82B3}.MinSizeRel|VisualGDB.ActiveCfg = Release|VisualGDB
		{1DF41516-8CF7-4E3E-BBA3-138F027A82B3}.MinSizeRel|VisualGDB.Build.0 = Release|VisualGDB
		{1DF41516-8CF7-4E3E-BBA3-138F027A82B3}.Release|Any CPU.ActiveCfg = Release|VisualGDB
		{1DF41516-8CF7-4E3E-BBA3-138F027A82B3}.Release|VisualGDB.ActiveCfg = Release|VisualGDB
		{1DF41516-8CF7-4E3E-BBA3-138F027A82B3}.Release|VisualGDB.Build.0 = Release|VisualGDB
		{1DF41516-8CF7-4E3E-BBA3-138F027A82B3}.RelWithDebInfo|Any CPU.ActiveCfg = Release|VisualGDB
		{1DF41516-8CF7-4E3E-BBA3-138F027A82B3}.RelWithDebInfo|Any CPU.Build.0 = Release|VisualGDB
		{1DF41516-8CF7-4E3E-BBA3-138F027A82B3}.RelWithDebInfo|VisualGDB.ActiveCfg = Release|VisualGDB
		{1DF41516-8CF7-4E3E-BBA3-138F027A82B3}.RelWithDebInfo|VisualGDB.Build.0 = Release|VisualGDB
		{E0B27AC8-4036-46E1-AAB4-CC4177AF88BB}.Debug|Any CPU.ActiveCfg = Debug|VisualGDB
		{E0B27AC8-4036-46E1-AAB4-CC4177AF88BB}.Debug|Any CPU.Build.0 = Debug|VisualGDB
		{E0B27AC8-4036-46E1-AAB4-CC4177AF88BB}.Debug|VisualGDB.ActiveCfg = Debug|VisualGDB
		{E0B27AC8-4036-46E1-AAB4-CC4177AF88BB}.Debug|VisualGDB.Build.0 = Debug|VisualGDB
		{E0B27AC8-4036-46E1-AAB4-CC4177AF88BB}.MinSizeRel|Any CPU.ActiveCfg = Release|VisualGDB
		{E0B27AC8-4036-46E1-AAB4-CC4177AF88BB}.MinSizeRel|Any CPU.Build.0 = Release|VisualGDB
		{E0B27AC8-4036-46E1-AAB4-CC4177AF88BB}.MinSizeRel|VisualGDB.ActiveCfg = Release|VisualGDB
		{E0B27AC8-4036-46E1-AAB4-CC4177AF88BB}.MinSizeRel|VisualGDB.Build.0 = Release|VisualGDB
		{E0B27AC8-4036-46E1-AAB4-CC4177AF88BB}.Release|Any CPU.ActiveCfg = Release|VisualGDB
		{E0B27AC8-4036-46E1-AAB4-CC4177AF88BB}.Release|VisualGDB.ActiveCfg = Release|VisualGDB
		{E0B27AC8-4036-46E1-AAB4-CC4177AF88BB}.Release|VisualGDB.Build.0 = Release|VisualGDB
		{E0B27AC8-4036-46E1-AAB4-CC4177AF88BB}.RelWithDebInfo|Any CPU.ActiveCfg = Release|VisualGDB
		{E0B27AC8-4036-46E1-AAB4-CC4177AF88BB}.RelWithDebInfo|Any CPU.Build.0 = Release|VisualGDB
		{E0B27AC8-4036-46E1-AAB4-CC4177AF88BB}.RelWithDebInfo|VisualGDB.ActiveCfg = Release|VisualGDB
		{E0B27AC8-4036-46E1-AAB4-CC4177AF88BB}.RelWithDebInfo|VisualGDB.Build.0 = Release|VisualGDB
		{12FC350C-20F7-420C-8B75-EF8920AB4B3F}.Debug|Any CPU.ActiveCfg = Debug|VisualGDB
		{12FC350C-20F7-420C-8B75-EF8920AB4B3F}.Debug|Any CPU.Build.0 = Debug|VisualGDB
		{12FC350C-20F7-420C-8B75-EF8920AB4B3F}.Debug|VisualGDB.ActiveCfg = Debug|VisualGDB
		{12FC350C-20F7-420C-8B75-EF8920AB4B3F}.Debug|VisualGDB.Build.0 = Debug|VisualGDB
		{12FC350C-20F7-420C-8B75-EF8920AB4B3F}.MinSizeRel|Any CPU.ActiveCfg = Release|VisualGDB
		{12FC350C-20F7-420C-8B75-EF8920AB4B3F}.MinSizeRel|Any CPU.Build.0 = Release|VisualGDB
		{12FC350C-20F7-420C-8B75-EF8920AB4B3F}.MinSizeRel|VisualGDB.ActiveCfg = Release|VisualGDB
		{12FC350C-20F7-420C-8B75-EF8920AB4B3F}.MinSizeRel|VisualGDB.Build.0 = Release|VisualGDB
		{12FC350C-20F7-420C-8B75-EF8920AB4B3F}.Release|Any CPU.ActiveCfg = Release|VisualGDB
		{12FC350C-20F7-420C-8B75-EF8920AB4B3F}.Release|VisualGDB.ActiveCfg = Release|VisualGDB
		{12FC350C-20F7-420C-8B75-EF8920AB4B3F}.Release|VisualGDB.Build.0 = Release|VisualGDB
		{12FC350C-20F7-420C-8B75-EF8920AB4B3F}.RelWithDebInfo|Any CPU.ActiveCfg = Release|VisualGDB
		{12FC350C-20F7-420C-8B75-EF8920AB4B3F}.RelWithDebInfo|Any CPU.Build.0 = Release|VisualGDB
		{12FC350C-20F7-420C-8B75-EF8920AB4B3F}.RelWithDebInfo|VisualGDB.ActiveCfg = Release|VisualGDB
		{12FC350C-20F7-420C-8B75-EF8920AB4B3F}.RelWithDebInfo|VisualGDB.Build.0 = Release|VisualGDB
		{12E255AB-46D4-4697-9685-684565C7FD4B}.Debug|Any CPU.ActiveCfg = Debug|VisualGDB
		{12E255AB-46D4-4697-9685-684565C7FD4B}.Debug|VisualGDB.ActiveCfg = Debug|VisualGDB
		{12E255AB-46D4-4697-9685-684565C7FD4B}.Debug|VisualGDB.Build.0 = Debug|VisualGDB
		{12E255AB-46D4-4697-9685-684565C7FD4B}.MinSizeRel|Any CPU.ActiveCfg = Release|VisualGDB
		{12E255AB-46D4-4697-9685-684565C7FD4B}.MinSizeRel|Any CPU.Build.0 = Release|VisualGDB
		{12E255AB-46D4-4697-9685-684565C7FD4B}.MinSizeRel|VisualGDB.ActiveCfg = Release|VisualGDB
		{12E255AB-46D4-4697-9685-684565C7FD4B}.MinSizeRel|VisualGDB.Build.0 = Release|VisualGDB
		{12E255AB-46D4-4697-9685-684565C7FD4B}.Release|Any CPU.ActiveCfg = Release|VisualGDB
		{12E255AB-46D4-4697-9685-684565C7FD4B}.Release|VisualGDB.ActiveCfg = Release|VisualGDB
		{12E255AB-46D4-4697-9685-684565C7FD4B}.Release|VisualGDB.Build.0 = Release|VisualGDB
		{12E255AB-46D4-4697-9685-684565C7FD4B}.RelWithDebInfo|Any CPU.ActiveCfg = Release|VisualGDB
		{12E255AB-46D4-4697-9685-684565C7FD4B}.RelWithDebInfo|Any CPU.Build.0 = Release|VisualGDB
		{12E255AB-46D4-4697-9685-684565C7FD4B}.RelWithDebInfo|VisualGDB.ActiveCfg = Release|VisualGDB
		{12E255AB-46D4-4697-9685-684565C7FD4B}.RelWithDebInfo|VisualGDB.Build.0 = Release|VisualGDB
		{5BC897B7-0A39-4F62-986E-306C708B29C0}.Debug|Any CPU.ActiveCfg = Debug|VisualGDB
		{5BC897B7-0A39-4F62-986E-306C708B29C0}.Debug|VisualGDB.ActiveCfg = Debug|VisualGDB
		{5BC897B7-0A39-4F62-986E-306C708B29C0}.Debug|VisualGDB.Build.0 = Debug|VisualGDB
		{5BC897B7-0A39-4F62-986E-306C708B29C0}.MinSizeRel|Any CPU.ActiveCfg = Release|VisualGDB
		{5BC897B7-0A39-4F62-986E-306C708B29C0}.MinSizeRel|Any CPU.Build.0 = Release|VisualGDB
		{5BC897B7-0A39-4F62-986E-306C708B29C0}.MinSizeRel|VisualGDB.ActiveCfg = Release|VisualGDB
		{5BC897B7-0A39-4F62-986E-306C708B29C0}.MinSizeRel|VisualGDB.Build.0 = Release|VisualGDB
		{5BC897B7-0A39-4F62-986E-306C708B29C0}.Release|Any CPU.ActiveCfg = Release|VisualGDB
		{5BC897B7-0A39-4F62-986E-306C708B29C0}.Release|VisualGDB.ActiveCfg = Release|VisualGDB
		{5BC897B7-0A39-4F62-986E-306C708B29C0}.Release|VisualGDB.Build.0 = Release|VisualGDB
		{5BC897B7-0A39-4F62-986E-306C708B29C0}.RelWithDebInfo|Any CPU.ActiveCfg = Release|VisualGDB
		{5BC897B7-0A39-4F62-986E-306C708B29C0}.RelWithDebInfo|Any CPU.Build.0 = Release|VisualGDB
		{5BC897B7-0A39-4F62-986E-306C708B29C0}.RelWithDebInfo|VisualGDB.ActiveCfg = Release|VisualGDB
		{5BC897B7-0A39-4F62-986E-306C708B29C0}.RelWithDebInfo|VisualGDB.Build.0 = Release|VisualGDB
	EndGlobalSection
	GlobalSection(SolutionProperties) = preSolution
		HideSolutionNode = FALSE
	EndGlobalSection
	GlobalSection(NestedProjects) = preSolution
		{8C361292-1874-4820-9056-4753694C92EB} = {615E2A77-7A43-4EC9-82BA-904833CEF007}
		{66C55411-6A3B-464C-8303-2767B2E36E61} = {615E2A77-7A43-4EC9-82BA-904833CEF007}
		{F4B46F02-E818-40BC-829C-1DBCA8DA16FF} = {FB47F6AF-B420-4BC3-8208-CEE9509863D2}
		{FB47F6AF-B420-4BC3-8208-CEE9509863D2} = {615E2A77-7A43-4EC9-82BA-904833CEF007}
		{FB365DA3-8ACC-43FF-BCDC-79A6A1D78006} = {FB47F6AF-B420-4BC3-8208-CEE9509863D2}
		{F20DCED5-681E-46B6-A869-C85D23EC982F} = {E2B33E75-64D0-4C0A-93A8-D52978A85C77}
		{BD313634-AF8A-43A7-81C5-7AD0C3785229} = {E2B33E75-64D0-4C0A-93A8-D52978A85C77}
		{8040B59D-9BA0-4D2A-99FF-1FFB9ED68AAD} = {E2B33E75-64D0-4C0A-93A8-D52978A85C77}
		{6660C456-FB0D-4F2A-AC6A-4B99C6A92AED} = {E2B33E75-64D0-4C0A-93A8-D52978A85C77}
		{CBB0E6C2-10D9-4400-B0AA-21171B756B64} = {615E2A77-7A43-4EC9-82BA-904833CEF007}
		{1DF41516-8CF7-4E3E-BBA3-138F027A82B3} = {615E2A77-7A43-4EC9-82BA-904833CEF007}
		{30850577-DECF-45EC-9B32-43452BED2BA8} = {615E2A77-7A43-4EC9-82BA-904833CEF007}
		{E0B27AC8-4036-46E1-AAB4-CC4177AF88BB} = {30850577-DECF-45EC-9B32-43452BED2BA8}
		{12FC350C-20F7-420C-8B75-EF8920AB4B3F} = {30850577-DECF-45EC-9B32-43452BED2BA8}
		{5BC897B7-0A39-4F62-986E-306C708B29C0} = {615E2A77-7A43-4EC9-82BA-904833CEF007}
	EndGlobalSection
	GlobalSection(ExtensibilityGlobals) = postSolution
		SolutionGuid = {54459A25-80DB-4E6C-BA50-BE2AC6F773E0}
	EndGlobalSection
EndGlobal
