
Microsoft Visual Studio Solution File, Format Version 12.00
# Visual Studio Version 16
VisualStudioVersion = 16.0.30621.155
MinimumVisualStudioVersion = 10.0.40219.1
Project("{8BC9CEB8-8B4A-11D0-8D11-00A0C91BC942}") = "HydroGarden", "HydroGarden.vcxproj", "{6CB82F45-DB8B-402B-883B-789D1325E458}"
EndProject
Project("{8BC9CEB8-8B4A-11D0-8D11-00A0C91BC942}") = "bcm2835", "bcm2835\bcm2835.vcxproj", "{8C361292-1874-4820-9056-4753694C92EB}"
EndProject
Project("{8BC9CEB8-8B4A-11D0-8D11-00A0C91BC942}") = "pistache", "External\pistache-master\pistache\pistache.vcxproj", "{66C55411-6A3B-464C-8303-2767B2E36E61}"
EndProject
Project("{2150E333-8FDC-42A3-9474-1A3956D46DE8}") = "External", "External", "{615E2A77-7A43-4EC9-82BA-904833CEF007}"
EndProject
Project("{8BC9CEB8-8B4A-11D0-8D11-00A0C91BC942}") = "libwpa", "External\libwpa\libwpa.vcxproj", "{F4B46F02-E818-40BC-829C-1DBCA8DA16FF}"
EndProject
Project("{2150E333-8FDC-42A3-9474-1A3956D46DE8}") = "WPA Library", "WPA Library", "{FB47F6AF-B420-4BC3-8208-CEE9509863D2}"
EndProject
Project("{8BC9CEB8-8B4A-11D0-8D11-00A0C91BC942}") = "LibWPATests", "External\libwpa\LibWPATests\LibWPATests.vcxproj", "{FB365DA3-8ACC-43FF-BCDC-79A6A1D78006}"
EndProject
Project("{8BC9CEB8-8B4A-11D0-8D11-00A0C91BC942}") = "InstallLib", "InstallLib\InstallLib.vcxproj", "{F20DCED5-681E-46B6-A869-C85D23EC982F}"
EndProject
Project("{2150E333-8FDC-42A3-9474-1A3956D46DE8}") = "Packaging", "Packaging", "{E2B33E75-64D0-4C0A-93A8-D52978A85C77}"
EndProject
Project("{8BC9CEB8-8B4A-11D0-8D11-00A0C91BC942}") = "AddPkgFile", "InstallLib\AddPkgFile\AddPkgFile.vcxproj", "{BD313634-AF8A-43A7-81C5-7AD0C3785229}"
EndProject
Project("{8BC9CEB8-8B4A-11D0-8D11-00A0C91BC942}") = "CreatePkg", "InstallLib\CreatePkg\CreatePkg.vcxproj", "{8040B59D-9BA0-4D2A-99FF-1FFB9ED68AAD}"
EndProject
Project("{8BC9CEB8-8B4A-11D0-8D11-00A0C91BC942}") = "GeneratePkg", "InstallLib\GeneratePkg\GeneratePkg.vcxproj", "{6660C456-FB0D-4F2A-AC6A-4B99C6A92AED}"
EndProject
Project("{8BC9CEB8-8B4A-11D0-8D11-00A0C91BC942}") = "libuuid", "External\libuuid\libuuid\libuuid.vcxproj", "{CBB0E6C2-10D9-4400-B0AA-21171B756B64}"
EndProject
Project("{8BC9CEB8-8B4A-11D0-8D11-00A0C91BC942}") = "libarchive", "External\libarchive\libarchive\libarchive.vcxproj", "{1DF41516-8CF7-4E3E-BBA3-138F027A82B3}"
EndProject
Project("{2150E333-8FDC-42A3-9474-1A3956D46DE8}") = "lvgl", "lvgl", "{30850577-DECF-45EC-9B32-43452BED2BA8}"
EndProject
Project("{8BC9CEB8-8B4A-11D0-8D11-00A0C91BC942}") = "lvgl", "External\lvgl-dev\lvgl\lvgl.vcxproj", "{E0B27AC8-4036-46E1-AAB4-CC4177AF88BB}"
EndProject
Project("{8BC9CEB8-8B4A-11D0-8D11-00A0C91BC942}") = "lvgldrivers", "External\lv_drivers-master\lvgldrivers\lvgldrivers.vcxproj", "{12FC350C-20F7-420C-8B75-EF8920AB4B3F}"
EndProject
Project("{8BC9CEB8-8B4A-11D0-8D11-00A0C91BC942}") = "Discovery", "Discovery\Discovery.vcxproj", "{12E255AB-46D4-4697-9685-684565C7FD4B}"
EndProject
Project("{FAE04EC0-301F-11D3-BF4B-00C04F79EFBC}") = "Client.Android", "Client\Client.Android\Client.Android.csproj", "{18694EB3-8360-454C-B976-8CE8D3524ACA}"
EndProject
Project("{FAE04EC0-301F-11D3-BF4B-00C04F79EFBC}") = "Client.iOS", "Client\Client.iOS\Client.iOS.csproj", "{96C529E1-92EA-4C99-959D-E729878B25D5}"
EndProject
Project("{9A19103F-16F7-4668-BE54-9A1E7A4F7556}") = "Client", "Client\Client\Client.csproj", "{C4D6E11C-32D7-47C1-802C-232BCD820F7A}"
EndProject
Project("{2150E333-8FDC-42A3-9474-1A3956D46DE8}") = "HG Client", "HG Client", "{2471D347-E4D4-4932-8D29-3DC720320CB7}"
EndProject
Project("{8BC9CEB8-8B4A-11D0-8D11-00A0C91BC942}") = "libUDPDiscovery", "External\udp-discovery-cpp\libUDPDiscovery\libUDPDiscovery.vcxproj", "{84D1713C-137F-437E-AFC7-5F082437AA73}"
EndProject
Global
	GlobalSection(SolutionConfigurationPlatforms) = preSolution
		Debug|Any CPU = Debug|Any CPU
		Debug|iPhone = Debug|iPhone
		Debug|iPhoneSimulator = Debug|iPhoneSimulator
		Debug|VisualGDB = Debug|VisualGDB
		MinSizeRel|Any CPU = MinSizeRel|Any CPU
		MinSizeRel|iPhone = MinSizeRel|iPhone
		MinSizeRel|iPhoneSimulator = MinSizeRel|iPhoneSimulator
		MinSizeRel|VisualGDB = MinSizeRel|VisualGDB
		Release|Any CPU = Release|Any CPU
		Release|iPhone = Release|iPhone
		Release|iPhoneSimulator = Release|iPhoneSimulator
		Release|VisualGDB = Release|VisualGDB
		RelWithDebInfo|Any CPU = RelWithDebInfo|Any CPU
		RelWithDebInfo|iPhone = RelWithDebInfo|iPhone
		RelWithDebInfo|iPhoneSimulator = RelWithDebInfo|iPhoneSimulator
		RelWithDebInfo|VisualGDB = RelWithDebInfo|VisualGDB
	EndGlobalSection
	GlobalSection(ProjectConfigurationPlatforms) = postSolution
		{6CB82F45-DB8B-402B-883B-789D1325E458}.Debug|Any CPU.ActiveCfg = Debug|VisualGDB
		{6CB82F45-DB8B-402B-883B-789D1325E458}.Debug|Any CPU.Build.0 = Debug|VisualGDB
		{6CB82F45-DB8B-402B-883B-789D1325E458}.Debug|iPhone.ActiveCfg = Debug|VisualGDB
		{6CB82F45-DB8B-402B-883B-789D1325E458}.Debug|iPhoneSimulator.ActiveCfg = Debug|VisualGDB
		{6CB82F45-DB8B-402B-883B-789D1325E458}.Debug|VisualGDB.ActiveCfg = Debug|VisualGDB
		{6CB82F45-DB8B-402B-883B-789D1325E458}.Debug|VisualGDB.Build.0 = Debug|VisualGDB
		{6CB82F45-DB8B-402B-883B-789D1325E458}.MinSizeRel|Any CPU.ActiveCfg = Release|VisualGDB
		{6CB82F45-DB8B-402B-883B-789D1325E458}.MinSizeRel|Any CPU.Build.0 = Release|VisualGDB
		{6CB82F45-DB8B-402B-883B-789D1325E458}.MinSizeRel|iPhone.ActiveCfg = Release|VisualGDB
		{6CB82F45-DB8B-402B-883B-789D1325E458}.MinSizeRel|iPhone.Build.0 = Release|VisualGDB
		{6CB82F45-DB8B-402B-883B-789D1325E458}.MinSizeRel|iPhoneSimulator.ActiveCfg = Release|VisualGDB
		{6CB82F45-DB8B-402B-883B-789D1325E458}.MinSizeRel|iPhoneSimulator.Build.0 = Release|VisualGDB
		{6CB82F45-DB8B-402B-883B-789D1325E458}.MinSizeRel|VisualGDB.ActiveCfg = Release|VisualGDB
		{6CB82F45-DB8B-402B-883B-789D1325E458}.MinSizeRel|VisualGDB.Build.0 = Release|VisualGDB
		{6CB82F45-DB8B-402B-883B-789D1325E458}.Release|Any CPU.ActiveCfg = Release|VisualGDB
		{6CB82F45-DB8B-402B-883B-789D1325E458}.Release|iPhone.ActiveCfg = Release|VisualGDB
		{6CB82F45-DB8B-402B-883B-789D1325E458}.Release|iPhoneSimulator.ActiveCfg = Release|VisualGDB
		{6CB82F45-DB8B-402B-883B-789D1325E458}.Release|VisualGDB.ActiveCfg = Release|VisualGDB
		{6CB82F45-DB8B-402B-883B-789D1325E458}.Release|VisualGDB.Build.0 = Release|VisualGDB
		{6CB82F45-DB8B-402B-883B-789D1325E458}.RelWithDebInfo|Any CPU.ActiveCfg = Release|VisualGDB
		{6CB82F45-DB8B-402B-883B-789D1325E458}.RelWithDebInfo|Any CPU.Build.0 = Release|VisualGDB
		{6CB82F45-DB8B-402B-883B-789D1325E458}.RelWithDebInfo|iPhone.ActiveCfg = Release|VisualGDB
		{6CB82F45-DB8B-402B-883B-789D1325E458}.RelWithDebInfo|iPhone.Build.0 = Release|VisualGDB
		{6CB82F45-DB8B-402B-883B-789D1325E458}.RelWithDebInfo|iPhoneSimulator.ActiveCfg = Release|VisualGDB
		{6CB82F45-DB8B-402B-883B-789D1325E458}.RelWithDebInfo|iPhoneSimulator.Build.0 = Release|VisualGDB
		{6CB82F45-DB8B-402B-883B-789D1325E458}.RelWithDebInfo|VisualGDB.ActiveCfg = Release|VisualGDB
		{6CB82F45-DB8B-402B-883B-789D1325E458}.RelWithDebInfo|VisualGDB.Build.0 = Release|VisualGDB
		{8C361292-1874-4820-9056-4753694C92EB}.Debug|Any CPU.ActiveCfg = Debug|VisualGDB
		{8C361292-1874-4820-9056-4753694C92EB}.Debug|Any CPU.Build.0 = Debug|VisualGDB
		{8C361292-1874-4820-9056-4753694C92EB}.Debug|iPhone.ActiveCfg = Debug|VisualGDB
		{8C361292-1874-4820-9056-4753694C92EB}.Debug|iPhoneSimulator.ActiveCfg = Debug|VisualGDB
		{8C361292-1874-4820-9056-4753694C92EB}.Debug|VisualGDB.ActiveCfg = Debug|VisualGDB
		{8C361292-1874-4820-9056-4753694C92EB}.Debug|VisualGDB.Build.0 = Debug|VisualGDB
		{8C361292-1874-4820-9056-4753694C92EB}.MinSizeRel|Any CPU.ActiveCfg = Release|VisualGDB
		{8C361292-1874-4820-9056-4753694C92EB}.MinSizeRel|Any CPU.Build.0 = Release|VisualGDB
		{8C361292-1874-4820-9056-4753694C92EB}.MinSizeRel|iPhone.ActiveCfg = Release|VisualGDB
		{8C361292-1874-4820-9056-4753694C92EB}.MinSizeRel|iPhone.Build.0 = Release|VisualGDB
		{8C361292-1874-4820-9056-4753694C92EB}.MinSizeRel|iPhoneSimulator.ActiveCfg = Release|VisualGDB
		{8C361292-1874-4820-9056-4753694C92EB}.MinSizeRel|iPhoneSimulator.Build.0 = Release|VisualGDB
		{8C361292-1874-4820-9056-4753694C92EB}.MinSizeRel|VisualGDB.ActiveCfg = Release|VisualGDB
		{8C361292-1874-4820-9056-4753694C92EB}.MinSizeRel|VisualGDB.Build.0 = Release|VisualGDB
		{8C361292-1874-4820-9056-4753694C92EB}.Release|Any CPU.ActiveCfg = Release|VisualGDB
		{8C361292-1874-4820-9056-4753694C92EB}.Release|iPhone.ActiveCfg = Release|VisualGDB
		{8C361292-1874-4820-9056-4753694C92EB}.Release|iPhoneSimulator.ActiveCfg = Release|VisualGDB
		{8C361292-1874-4820-9056-4753694C92EB}.Release|VisualGDB.ActiveCfg = Release|VisualGDB
		{8C361292-1874-4820-9056-4753694C92EB}.Release|VisualGDB.Build.0 = Release|VisualGDB
		{8C361292-1874-4820-9056-4753694C92EB}.RelWithDebInfo|Any CPU.ActiveCfg = Release|VisualGDB
		{8C361292-1874-4820-9056-4753694C92EB}.RelWithDebInfo|Any CPU.Build.0 = Release|VisualGDB
		{8C361292-1874-4820-9056-4753694C92EB}.RelWithDebInfo|iPhone.ActiveCfg = Release|VisualGDB
		{8C361292-1874-4820-9056-4753694C92EB}.RelWithDebInfo|iPhone.Build.0 = Release|VisualGDB
		{8C361292-1874-4820-9056-4753694C92EB}.RelWithDebInfo|iPhoneSimulator.ActiveCfg = Release|VisualGDB
		{8C361292-1874-4820-9056-4753694C92EB}.RelWithDebInfo|iPhoneSimulator.Build.0 = Release|VisualGDB
		{8C361292-1874-4820-9056-4753694C92EB}.RelWithDebInfo|VisualGDB.ActiveCfg = Release|VisualGDB
		{8C361292-1874-4820-9056-4753694C92EB}.RelWithDebInfo|VisualGDB.Build.0 = Release|VisualGDB
		{66C55411-6A3B-464C-8303-2767B2E36E61}.Debug|Any CPU.ActiveCfg = Debug|VisualGDB
		{66C55411-6A3B-464C-8303-2767B2E36E61}.Debug|Any CPU.Build.0 = Debug|VisualGDB
		{66C55411-6A3B-464C-8303-2767B2E36E61}.Debug|iPhone.ActiveCfg = Debug|VisualGDB
		{66C55411-6A3B-464C-8303-2767B2E36E61}.Debug|iPhoneSimulator.ActiveCfg = Debug|VisualGDB
		{66C55411-6A3B-464C-8303-2767B2E36E61}.Debug|VisualGDB.ActiveCfg = Debug|VisualGDB
		{66C55411-6A3B-464C-8303-2767B2E36E61}.Debug|VisualGDB.Build.0 = Debug|VisualGDB
		{66C55411-6A3B-464C-8303-2767B2E36E61}.MinSizeRel|Any CPU.ActiveCfg = Release|VisualGDB
		{66C55411-6A3B-464C-8303-2767B2E36E61}.MinSizeRel|Any CPU.Build.0 = Release|VisualGDB
		{66C55411-6A3B-464C-8303-2767B2E36E61}.MinSizeRel|iPhone.ActiveCfg = Release|VisualGDB
		{66C55411-6A3B-464C-8303-2767B2E36E61}.MinSizeRel|iPhone.Build.0 = Release|VisualGDB
		{66C55411-6A3B-464C-8303-2767B2E36E61}.MinSizeRel|iPhoneSimulator.ActiveCfg = Release|VisualGDB
		{66C55411-6A3B-464C-8303-2767B2E36E61}.MinSizeRel|iPhoneSimulator.Build.0 = Release|VisualGDB
		{66C55411-6A3B-464C-8303-2767B2E36E61}.MinSizeRel|VisualGDB.ActiveCfg = Release|VisualGDB
		{66C55411-6A3B-464C-8303-2767B2E36E61}.MinSizeRel|VisualGDB.Build.0 = Release|VisualGDB
		{66C55411-6A3B-464C-8303-2767B2E36E61}.Release|Any CPU.ActiveCfg = Release|VisualGDB
		{66C55411-6A3B-464C-8303-2767B2E36E61}.Release|iPhone.ActiveCfg = Release|VisualGDB
		{66C55411-6A3B-464C-8303-2767B2E36E61}.Release|iPhoneSimulator.ActiveCfg = Release|VisualGDB
		{66C55411-6A3B-464C-8303-2767B2E36E61}.Release|VisualGDB.ActiveCfg = Release|VisualGDB
		{66C55411-6A3B-464C-8303-2767B2E36E61}.Release|VisualGDB.Build.0 = Release|VisualGDB
		{66C55411-6A3B-464C-8303-2767B2E36E61}.RelWithDebInfo|Any CPU.ActiveCfg = Release|VisualGDB
		{66C55411-6A3B-464C-8303-2767B2E36E61}.RelWithDebInfo|Any CPU.Build.0 = Release|VisualGDB
		{66C55411-6A3B-464C-8303-2767B2E36E61}.RelWithDebInfo|iPhone.ActiveCfg = Release|VisualGDB
		{66C55411-6A3B-464C-8303-2767B2E36E61}.RelWithDebInfo|iPhone.Build.0 = Release|VisualGDB
		{66C55411-6A3B-464C-8303-2767B2E36E61}.RelWithDebInfo|iPhoneSimulator.ActiveCfg = Release|VisualGDB
		{66C55411-6A3B-464C-8303-2767B2E36E61}.RelWithDebInfo|iPhoneSimulator.Build.0 = Release|VisualGDB
		{66C55411-6A3B-464C-8303-2767B2E36E61}.RelWithDebInfo|VisualGDB.ActiveCfg = Release|VisualGDB
		{66C55411-6A3B-464C-8303-2767B2E36E61}.RelWithDebInfo|VisualGDB.Build.0 = Release|VisualGDB
		{F4B46F02-E818-40BC-829C-1DBCA8DA16FF}.Debug|Any CPU.ActiveCfg = Debug|VisualGDB
		{F4B46F02-E818-40BC-829C-1DBCA8DA16FF}.Debug|Any CPU.Build.0 = Debug|VisualGDB
		{F4B46F02-E818-40BC-829C-1DBCA8DA16FF}.Debug|iPhone.ActiveCfg = Debug|VisualGDB
		{F4B46F02-E818-40BC-829C-1DBCA8DA16FF}.Debug|iPhoneSimulator.ActiveCfg = Debug|VisualGDB
		{F4B46F02-E818-40BC-829C-1DBCA8DA16FF}.Debug|VisualGDB.ActiveCfg = Debug|VisualGDB
		{F4B46F02-E818-40BC-829C-1DBCA8DA16FF}.Debug|VisualGDB.Build.0 = Debug|VisualGDB
		{F4B46F02-E818-40BC-829C-1DBCA8DA16FF}.MinSizeRel|Any CPU.ActiveCfg = Release|VisualGDB
		{F4B46F02-E818-40BC-829C-1DBCA8DA16FF}.MinSizeRel|Any CPU.Build.0 = Release|VisualGDB
		{F4B46F02-E818-40BC-829C-1DBCA8DA16FF}.MinSizeRel|iPhone.ActiveCfg = Release|VisualGDB
		{F4B46F02-E818-40BC-829C-1DBCA8DA16FF}.MinSizeRel|iPhone.Build.0 = Release|VisualGDB
		{F4B46F02-E818-40BC-829C-1DBCA8DA16FF}.MinSizeRel|iPhoneSimulator.ActiveCfg = Release|VisualGDB
		{F4B46F02-E818-40BC-829C-1DBCA8DA16FF}.MinSizeRel|iPhoneSimulator.Build.0 = Release|VisualGDB
		{F4B46F02-E818-40BC-829C-1DBCA8DA16FF}.MinSizeRel|VisualGDB.ActiveCfg = Release|VisualGDB
		{F4B46F02-E818-40BC-829C-1DBCA8DA16FF}.MinSizeRel|VisualGDB.Build.0 = Release|VisualGDB
		{F4B46F02-E818-40BC-829C-1DBCA8DA16FF}.Release|Any CPU.ActiveCfg = Release|VisualGDB
		{F4B46F02-E818-40BC-829C-1DBCA8DA16FF}.Release|iPhone.ActiveCfg = Release|VisualGDB
		{F4B46F02-E818-40BC-829C-1DBCA8DA16FF}.Release|iPhoneSimulator.ActiveCfg = Release|VisualGDB
		{F4B46F02-E818-40BC-829C-1DBCA8DA16FF}.Release|VisualGDB.ActiveCfg = Release|VisualGDB
		{F4B46F02-E818-40BC-829C-1DBCA8DA16FF}.Release|VisualGDB.Build.0 = Release|VisualGDB
		{F4B46F02-E818-40BC-829C-1DBCA8DA16FF}.RelWithDebInfo|Any CPU.ActiveCfg = Release|VisualGDB
		{F4B46F02-E818-40BC-829C-1DBCA8DA16FF}.RelWithDebInfo|Any CPU.Build.0 = Release|VisualGDB
		{F4B46F02-E818-40BC-829C-1DBCA8DA16FF}.RelWithDebInfo|iPhone.ActiveCfg = Release|VisualGDB
		{F4B46F02-E818-40BC-829C-1DBCA8DA16FF}.RelWithDebInfo|iPhone.Build.0 = Release|VisualGDB
		{F4B46F02-E818-40BC-829C-1DBCA8DA16FF}.RelWithDebInfo|iPhoneSimulator.ActiveCfg = Release|VisualGDB
		{F4B46F02-E818-40BC-829C-1DBCA8DA16FF}.RelWithDebInfo|iPhoneSimulator.Build.0 = Release|VisualGDB
		{F4B46F02-E818-40BC-829C-1DBCA8DA16FF}.RelWithDebInfo|VisualGDB.ActiveCfg = Release|VisualGDB
		{F4B46F02-E818-40BC-829C-1DBCA8DA16FF}.RelWithDebInfo|VisualGDB.Build.0 = Release|VisualGDB
		{FB365DA3-8ACC-43FF-BCDC-79A6A1D78006}.Debug|Any CPU.ActiveCfg = Debug|VisualGDB
		{FB365DA3-8ACC-43FF-BCDC-79A6A1D78006}.Debug|Any CPU.Build.0 = Debug|VisualGDB
		{FB365DA3-8ACC-43FF-BCDC-79A6A1D78006}.Debug|iPhone.ActiveCfg = Debug|VisualGDB
		{FB365DA3-8ACC-43FF-BCDC-79A6A1D78006}.Debug|iPhoneSimulator.ActiveCfg = Debug|VisualGDB
		{FB365DA3-8ACC-43FF-BCDC-79A6A1D78006}.Debug|VisualGDB.ActiveCfg = Debug|VisualGDB
		{FB365DA3-8ACC-43FF-BCDC-79A6A1D78006}.Debug|VisualGDB.Build.0 = Debug|VisualGDB
		{FB365DA3-8ACC-43FF-BCDC-79A6A1D78006}.MinSizeRel|Any CPU.ActiveCfg = Release|VisualGDB
		{FB365DA3-8ACC-43FF-BCDC-79A6A1D78006}.MinSizeRel|Any CPU.Build.0 = Release|VisualGDB
		{FB365DA3-8ACC-43FF-BCDC-79A6A1D78006}.MinSizeRel|iPhone.ActiveCfg = Release|VisualGDB
		{FB365DA3-8ACC-43FF-BCDC-79A6A1D78006}.MinSizeRel|iPhone.Build.0 = Release|VisualGDB
		{FB365DA3-8ACC-43FF-BCDC-79A6A1D78006}.MinSizeRel|iPhoneSimulator.ActiveCfg = Release|VisualGDB
		{FB365DA3-8ACC-43FF-BCDC-79A6A1D78006}.MinSizeRel|iPhoneSimulator.Build.0 = Release|VisualGDB
		{FB365DA3-8ACC-43FF-BCDC-79A6A1D78006}.MinSizeRel|VisualGDB.ActiveCfg = Release|VisualGDB
		{FB365DA3-8ACC-43FF-BCDC-79A6A1D78006}.MinSizeRel|VisualGDB.Build.0 = Release|VisualGDB
		{FB365DA3-8ACC-43FF-BCDC-79A6A1D78006}.Release|Any CPU.ActiveCfg = Release|VisualGDB
		{FB365DA3-8ACC-43FF-BCDC-79A6A1D78006}.Release|iPhone.ActiveCfg = Release|VisualGDB
		{FB365DA3-8ACC-43FF-BCDC-79A6A1D78006}.Release|iPhoneSimulator.ActiveCfg = Release|VisualGDB
		{FB365DA3-8ACC-43FF-BCDC-79A6A1D78006}.Release|VisualGDB.ActiveCfg = Release|VisualGDB
		{FB365DA3-8ACC-43FF-BCDC-79A6A1D78006}.RelWithDebInfo|Any CPU.ActiveCfg = Release|VisualGDB
		{FB365DA3-8ACC-43FF-BCDC-79A6A1D78006}.RelWithDebInfo|Any CPU.Build.0 = Release|VisualGDB
		{FB365DA3-8ACC-43FF-BCDC-79A6A1D78006}.RelWithDebInfo|iPhone.ActiveCfg = Release|VisualGDB
		{FB365DA3-8ACC-43FF-BCDC-79A6A1D78006}.RelWithDebInfo|iPhone.Build.0 = Release|VisualGDB
		{FB365DA3-8ACC-43FF-BCDC-79A6A1D78006}.RelWithDebInfo|iPhoneSimulator.ActiveCfg = Release|VisualGDB
		{FB365DA3-8ACC-43FF-BCDC-79A6A1D78006}.RelWithDebInfo|iPhoneSimulator.Build.0 = Release|VisualGDB
		{FB365DA3-8ACC-43FF-BCDC-79A6A1D78006}.RelWithDebInfo|VisualGDB.ActiveCfg = Release|VisualGDB
		{FB365DA3-8ACC-43FF-BCDC-79A6A1D78006}.RelWithDebInfo|VisualGDB.Build.0 = Release|VisualGDB
		{F20DCED5-681E-46B6-A869-C85D23EC982F}.Debug|Any CPU.ActiveCfg = Debug|VisualGDB
		{F20DCED5-681E-46B6-A869-C85D23EC982F}.Debug|Any CPU.Build.0 = Debug|VisualGDB
		{F20DCED5-681E-46B6-A869-C85D23EC982F}.Debug|iPhone.ActiveCfg = Debug|VisualGDB
		{F20DCED5-681E-46B6-A869-C85D23EC982F}.Debug|iPhoneSimulator.ActiveCfg = Debug|VisualGDB
		{F20DCED5-681E-46B6-A869-C85D23EC982F}.Debug|VisualGDB.ActiveCfg = Debug|VisualGDB
		{F20DCED5-681E-46B6-A869-C85D23EC982F}.Debug|VisualGDB.Build.0 = Debug|VisualGDB
		{F20DCED5-681E-46B6-A869-C85D23EC982F}.MinSizeRel|Any CPU.ActiveCfg = Release|VisualGDB
		{F20DCED5-681E-46B6-A869-C85D23EC982F}.MinSizeRel|Any CPU.Build.0 = Release|VisualGDB
		{F20DCED5-681E-46B6-A869-C85D23EC982F}.MinSizeRel|iPhone.ActiveCfg = Release|VisualGDB
		{F20DCED5-681E-46B6-A869-C85D23EC982F}.MinSizeRel|iPhone.Build.0 = Release|VisualGDB
		{F20DCED5-681E-46B6-A869-C85D23EC982F}.MinSizeRel|iPhoneSimulator.ActiveCfg = Release|VisualGDB
		{F20DCED5-681E-46B6-A869-C85D23EC982F}.MinSizeRel|iPhoneSimulator.Build.0 = Release|VisualGDB
		{F20DCED5-681E-46B6-A869-C85D23EC982F}.MinSizeRel|VisualGDB.ActiveCfg = Release|VisualGDB
		{F20DCED5-681E-46B6-A869-C85D23EC982F}.MinSizeRel|VisualGDB.Build.0 = Release|VisualGDB
		{F20DCED5-681E-46B6-A869-C85D23EC982F}.Release|Any CPU.ActiveCfg = Release|VisualGDB
		{F20DCED5-681E-46B6-A869-C85D23EC982F}.Release|iPhone.ActiveCfg = Release|VisualGDB
		{F20DCED5-681E-46B6-A869-C85D23EC982F}.Release|iPhoneSimulator.ActiveCfg = Release|VisualGDB
		{F20DCED5-681E-46B6-A869-C85D23EC982F}.Release|VisualGDB.ActiveCfg = Release|VisualGDB
		{F20DCED5-681E-46B6-A869-C85D23EC982F}.Release|VisualGDB.Build.0 = Release|VisualGDB
		{F20DCED5-681E-46B6-A869-C85D23EC982F}.RelWithDebInfo|Any CPU.ActiveCfg = Release|VisualGDB
		{F20DCED5-681E-46B6-A869-C85D23EC982F}.RelWithDebInfo|Any CPU.Build.0 = Release|VisualGDB
		{F20DCED5-681E-46B6-A869-C85D23EC982F}.RelWithDebInfo|iPhone.ActiveCfg = Release|VisualGDB
		{F20DCED5-681E-46B6-A869-C85D23EC982F}.RelWithDebInfo|iPhone.Build.0 = Release|VisualGDB
		{F20DCED5-681E-46B6-A869-C85D23EC982F}.RelWithDebInfo|iPhoneSimulator.ActiveCfg = Release|VisualGDB
		{F20DCED5-681E-46B6-A869-C85D23EC982F}.RelWithDebInfo|iPhoneSimulator.Build.0 = Release|VisualGDB
		{F20DCED5-681E-46B6-A869-C85D23EC982F}.RelWithDebInfo|VisualGDB.ActiveCfg = Release|VisualGDB
		{F20DCED5-681E-46B6-A869-C85D23EC982F}.RelWithDebInfo|VisualGDB.Build.0 = Release|VisualGDB
		{BD313634-AF8A-43A7-81C5-7AD0C3785229}.Debug|Any CPU.ActiveCfg = Debug|VisualGDB
		{BD313634-AF8A-43A7-81C5-7AD0C3785229}.Debug|Any CPU.Build.0 = Debug|VisualGDB
		{BD313634-AF8A-43A7-81C5-7AD0C3785229}.Debug|iPhone.ActiveCfg = Debug|VisualGDB
		{BD313634-AF8A-43A7-81C5-7AD0C3785229}.Debug|iPhoneSimulator.ActiveCfg = Debug|VisualGDB
		{BD313634-AF8A-43A7-81C5-7AD0C3785229}.Debug|VisualGDB.ActiveCfg = Debug|VisualGDB
		{BD313634-AF8A-43A7-81C5-7AD0C3785229}.Debug|VisualGDB.Build.0 = Debug|VisualGDB
		{BD313634-AF8A-43A7-81C5-7AD0C3785229}.MinSizeRel|Any CPU.ActiveCfg = Release|VisualGDB
		{BD313634-AF8A-43A7-81C5-7AD0C3785229}.MinSizeRel|Any CPU.Build.0 = Release|VisualGDB
		{BD313634-AF8A-43A7-81C5-7AD0C3785229}.MinSizeRel|iPhone.ActiveCfg = Release|VisualGDB
		{BD313634-AF8A-43A7-81C5-7AD0C3785229}.MinSizeRel|iPhone.Build.0 = Release|VisualGDB
		{BD313634-AF8A-43A7-81C5-7AD0C3785229}.MinSizeRel|iPhoneSimulator.ActiveCfg = Release|VisualGDB
		{BD313634-AF8A-43A7-81C5-7AD0C3785229}.MinSizeRel|iPhoneSimulator.Build.0 = Release|VisualGDB
		{BD313634-AF8A-43A7-81C5-7AD0C3785229}.MinSizeRel|VisualGDB.ActiveCfg = Release|VisualGDB
		{BD313634-AF8A-43A7-81C5-7AD0C3785229}.MinSizeRel|VisualGDB.Build.0 = Release|VisualGDB
		{BD313634-AF8A-43A7-81C5-7AD0C3785229}.Release|Any CPU.ActiveCfg = Release|VisualGDB
		{BD313634-AF8A-43A7-81C5-7AD0C3785229}.Release|iPhone.ActiveCfg = Release|VisualGDB
		{BD313634-AF8A-43A7-81C5-7AD0C3785229}.Release|iPhoneSimulator.ActiveCfg = Release|VisualGDB
		{BD313634-AF8A-43A7-81C5-7AD0C3785229}.Release|VisualGDB.ActiveCfg = Release|VisualGDB
		{BD313634-AF8A-43A7-81C5-7AD0C3785229}.Release|VisualGDB.Build.0 = Release|VisualGDB
		{BD313634-AF8A-43A7-81C5-7AD0C3785229}.RelWithDebInfo|Any CPU.ActiveCfg = Release|VisualGDB
		{BD313634-AF8A-43A7-81C5-7AD0C3785229}.RelWithDebInfo|Any CPU.Build.0 = Release|VisualGDB
		{BD313634-AF8A-43A7-81C5-7AD0C3785229}.RelWithDebInfo|iPhone.ActiveCfg = Release|VisualGDB
		{BD313634-AF8A-43A7-81C5-7AD0C3785229}.RelWithDebInfo|iPhone.Build.0 = Release|VisualGDB
		{BD313634-AF8A-43A7-81C5-7AD0C3785229}.RelWithDebInfo|iPhoneSimulator.ActiveCfg = Release|VisualGDB
		{BD313634-AF8A-43A7-81C5-7AD0C3785229}.RelWithDebInfo|iPhoneSimulator.Build.0 = Release|VisualGDB
		{BD313634-AF8A-43A7-81C5-7AD0C3785229}.RelWithDebInfo|VisualGDB.ActiveCfg = Release|VisualGDB
		{BD313634-AF8A-43A7-81C5-7AD0C3785229}.RelWithDebInfo|VisualGDB.Build.0 = Release|VisualGDB
		{8040B59D-9BA0-4D2A-99FF-1FFB9ED68AAD}.Debug|Any CPU.ActiveCfg = Debug|VisualGDB
		{8040B59D-9BA0-4D2A-99FF-1FFB9ED68AAD}.Debug|Any CPU.Build.0 = Debug|VisualGDB
		{8040B59D-9BA0-4D2A-99FF-1FFB9ED68AAD}.Debug|iPhone.ActiveCfg = Debug|VisualGDB
		{8040B59D-9BA0-4D2A-99FF-1FFB9ED68AAD}.Debug|iPhoneSimulator.ActiveCfg = Debug|VisualGDB
		{8040B59D-9BA0-4D2A-99FF-1FFB9ED68AAD}.Debug|VisualGDB.ActiveCfg = Debug|VisualGDB
		{8040B59D-9BA0-4D2A-99FF-1FFB9ED68AAD}.Debug|VisualGDB.Build.0 = Debug|VisualGDB
		{8040B59D-9BA0-4D2A-99FF-1FFB9ED68AAD}.MinSizeRel|Any CPU.ActiveCfg = Release|VisualGDB
		{8040B59D-9BA0-4D2A-99FF-1FFB9ED68AAD}.MinSizeRel|Any CPU.Build.0 = Release|VisualGDB
		{8040B59D-9BA0-4D2A-99FF-1FFB9ED68AAD}.MinSizeRel|iPhone.ActiveCfg = Release|VisualGDB
		{8040B59D-9BA0-4D2A-99FF-1FFB9ED68AAD}.MinSizeRel|iPhone.Build.0 = Release|VisualGDB
		{8040B59D-9BA0-4D2A-99FF-1FFB9ED68AAD}.MinSizeRel|iPhoneSimulator.ActiveCfg = Release|VisualGDB
		{8040B59D-9BA0-4D2A-99FF-1FFB9ED68AAD}.MinSizeRel|iPhoneSimulator.Build.0 = Release|VisualGDB
		{8040B59D-9BA0-4D2A-99FF-1FFB9ED68AAD}.MinSizeRel|VisualGDB.ActiveCfg = Release|VisualGDB
		{8040B59D-9BA0-4D2A-99FF-1FFB9ED68AAD}.MinSizeRel|VisualGDB.Build.0 = Release|VisualGDB
		{8040B59D-9BA0-4D2A-99FF-1FFB9ED68AAD}.Release|Any CPU.ActiveCfg = Release|VisualGDB
		{8040B59D-9BA0-4D2A-99FF-1FFB9ED68AAD}.Release|iPhone.ActiveCfg = Release|VisualGDB
		{8040B59D-9BA0-4D2A-99FF-1FFB9ED68AAD}.Release|iPhoneSimulator.ActiveCfg = Release|VisualGDB
		{8040B59D-9BA0-4D2A-99FF-1FFB9ED68AAD}.Release|VisualGDB.ActiveCfg = Release|VisualGDB
		{8040B59D-9BA0-4D2A-99FF-1FFB9ED68AAD}.Release|VisualGDB.Build.0 = Release|VisualGDB
		{8040B59D-9BA0-4D2A-99FF-1FFB9ED68AAD}.RelWithDebInfo|Any CPU.ActiveCfg = Release|VisualGDB
		{8040B59D-9BA0-4D2A-99FF-1FFB9ED68AAD}.RelWithDebInfo|Any CPU.Build.0 = Release|VisualGDB
		{8040B59D-9BA0-4D2A-99FF-1FFB9ED68AAD}.RelWithDebInfo|iPhone.ActiveCfg = Release|VisualGDB
		{8040B59D-9BA0-4D2A-99FF-1FFB9ED68AAD}.RelWithDebInfo|iPhone.Build.0 = Release|VisualGDB
		{8040B59D-9BA0-4D2A-99FF-1FFB9ED68AAD}.RelWithDebInfo|iPhoneSimulator.ActiveCfg = Release|VisualGDB
		{8040B59D-9BA0-4D2A-99FF-1FFB9ED68AAD}.RelWithDebInfo|iPhoneSimulator.Build.0 = Release|VisualGDB
		{8040B59D-9BA0-4D2A-99FF-1FFB9ED68AAD}.RelWithDebInfo|VisualGDB.ActiveCfg = Release|VisualGDB
		{8040B59D-9BA0-4D2A-99FF-1FFB9ED68AAD}.RelWithDebInfo|VisualGDB.Build.0 = Release|VisualGDB
		{6660C456-FB0D-4F2A-AC6A-4B99C6A92AED}.Debug|Any CPU.ActiveCfg = Debug|VisualGDB
		{6660C456-FB0D-4F2A-AC6A-4B99C6A92AED}.Debug|Any CPU.Build.0 = Debug|VisualGDB
		{6660C456-FB0D-4F2A-AC6A-4B99C6A92AED}.Debug|iPhone.ActiveCfg = Debug|VisualGDB
		{6660C456-FB0D-4F2A-AC6A-4B99C6A92AED}.Debug|iPhoneSimulator.ActiveCfg = Debug|VisualGDB
		{6660C456-FB0D-4F2A-AC6A-4B99C6A92AED}.Debug|VisualGDB.ActiveCfg = Debug|VisualGDB
		{6660C456-FB0D-4F2A-AC6A-4B99C6A92AED}.Debug|VisualGDB.Build.0 = Debug|VisualGDB
		{6660C456-FB0D-4F2A-AC6A-4B99C6A92AED}.MinSizeRel|Any CPU.ActiveCfg = Release|VisualGDB
		{6660C456-FB0D-4F2A-AC6A-4B99C6A92AED}.MinSizeRel|Any CPU.Build.0 = Release|VisualGDB
		{6660C456-FB0D-4F2A-AC6A-4B99C6A92AED}.MinSizeRel|iPhone.ActiveCfg = Release|VisualGDB
		{6660C456-FB0D-4F2A-AC6A-4B99C6A92AED}.MinSizeRel|iPhone.Build.0 = Release|VisualGDB
		{6660C456-FB0D-4F2A-AC6A-4B99C6A92AED}.MinSizeRel|iPhoneSimulator.ActiveCfg = Release|VisualGDB
		{6660C456-FB0D-4F2A-AC6A-4B99C6A92AED}.MinSizeRel|iPhoneSimulator.Build.0 = Release|VisualGDB
		{6660C456-FB0D-4F2A-AC6A-4B99C6A92AED}.MinSizeRel|VisualGDB.ActiveCfg = Release|VisualGDB
		{6660C456-FB0D-4F2A-AC6A-4B99C6A92AED}.MinSizeRel|VisualGDB.Build.0 = Release|VisualGDB
		{6660C456-FB0D-4F2A-AC6A-4B99C6A92AED}.Release|Any CPU.ActiveCfg = Release|VisualGDB
		{6660C456-FB0D-4F2A-AC6A-4B99C6A92AED}.Release|iPhone.ActiveCfg = Release|VisualGDB
		{6660C456-FB0D-4F2A-AC6A-4B99C6A92AED}.Release|iPhoneSimulator.ActiveCfg = Release|VisualGDB
		{6660C456-FB0D-4F2A-AC6A-4B99C6A92AED}.Release|VisualGDB.ActiveCfg = Release|VisualGDB
		{6660C456-FB0D-4F2A-AC6A-4B99C6A92AED}.Release|VisualGDB.Build.0 = Release|VisualGDB
		{6660C456-FB0D-4F2A-AC6A-4B99C6A92AED}.RelWithDebInfo|Any CPU.ActiveCfg = Release|VisualGDB
		{6660C456-FB0D-4F2A-AC6A-4B99C6A92AED}.RelWithDebInfo|Any CPU.Build.0 = Release|VisualGDB
		{6660C456-FB0D-4F2A-AC6A-4B99C6A92AED}.RelWithDebInfo|iPhone.ActiveCfg = Release|VisualGDB
		{6660C456-FB0D-4F2A-AC6A-4B99C6A92AED}.RelWithDebInfo|iPhone.Build.0 = Release|VisualGDB
		{6660C456-FB0D-4F2A-AC6A-4B99C6A92AED}.RelWithDebInfo|iPhoneSimulator.ActiveCfg = Release|VisualGDB
		{6660C456-FB0D-4F2A-AC6A-4B99C6A92AED}.RelWithDebInfo|iPhoneSimulator.Build.0 = Release|VisualGDB
		{6660C456-FB0D-4F2A-AC6A-4B99C6A92AED}.RelWithDebInfo|VisualGDB.ActiveCfg = Release|VisualGDB
		{6660C456-FB0D-4F2A-AC6A-4B99C6A92AED}.RelWithDebInfo|VisualGDB.Build.0 = Release|VisualGDB
		{CBB0E6C2-10D9-4400-B0AA-21171B756B64}.Debug|Any CPU.ActiveCfg = Debug|VisualGDB
		{CBB0E6C2-10D9-4400-B0AA-21171B756B64}.Debug|Any CPU.Build.0 = Debug|VisualGDB
		{CBB0E6C2-10D9-4400-B0AA-21171B756B64}.Debug|iPhone.ActiveCfg = Debug|VisualGDB
		{CBB0E6C2-10D9-4400-B0AA-21171B756B64}.Debug|iPhoneSimulator.ActiveCfg = Debug|VisualGDB
		{CBB0E6C2-10D9-4400-B0AA-21171B756B64}.Debug|VisualGDB.ActiveCfg = Debug|VisualGDB
		{CBB0E6C2-10D9-4400-B0AA-21171B756B64}.Debug|VisualGDB.Build.0 = Debug|VisualGDB
		{CBB0E6C2-10D9-4400-B0AA-21171B756B64}.MinSizeRel|Any CPU.ActiveCfg = Release|VisualGDB
		{CBB0E6C2-10D9-4400-B0AA-21171B756B64}.MinSizeRel|Any CPU.Build.0 = Release|VisualGDB
		{CBB0E6C2-10D9-4400-B0AA-21171B756B64}.MinSizeRel|iPhone.ActiveCfg = Release|VisualGDB
		{CBB0E6C2-10D9-4400-B0AA-21171B756B64}.MinSizeRel|iPhone.Build.0 = Release|VisualGDB
		{CBB0E6C2-10D9-4400-B0AA-21171B756B64}.MinSizeRel|iPhoneSimulator.ActiveCfg = Release|VisualGDB
		{CBB0E6C2-10D9-4400-B0AA-21171B756B64}.MinSizeRel|iPhoneSimulator.Build.0 = Release|VisualGDB
		{CBB0E6C2-10D9-4400-B0AA-21171B756B64}.MinSizeRel|VisualGDB.ActiveCfg = Release|VisualGDB
		{CBB0E6C2-10D9-4400-B0AA-21171B756B64}.MinSizeRel|VisualGDB.Build.0 = Release|VisualGDB
		{CBB0E6C2-10D9-4400-B0AA-21171B756B64}.Release|Any CPU.ActiveCfg = Release|VisualGDB
		{CBB0E6C2-10D9-4400-B0AA-21171B756B64}.Release|iPhone.ActiveCfg = Release|VisualGDB
		{CBB0E6C2-10D9-4400-B0AA-21171B756B64}.Release|iPhoneSimulator.ActiveCfg = Release|VisualGDB
		{CBB0E6C2-10D9-4400-B0AA-21171B756B64}.Release|VisualGDB.ActiveCfg = Release|VisualGDB
		{CBB0E6C2-10D9-4400-B0AA-21171B756B64}.Release|VisualGDB.Build.0 = Release|VisualGDB
		{CBB0E6C2-10D9-4400-B0AA-21171B756B64}.RelWithDebInfo|Any CPU.ActiveCfg = Release|VisualGDB
		{CBB0E6C2-10D9-4400-B0AA-21171B756B64}.RelWithDebInfo|Any CPU.Build.0 = Release|VisualGDB
		{CBB0E6C2-10D9-4400-B0AA-21171B756B64}.RelWithDebInfo|iPhone.ActiveCfg = Release|VisualGDB
		{CBB0E6C2-10D9-4400-B0AA-21171B756B64}.RelWithDebInfo|iPhone.Build.0 = Release|VisualGDB
		{CBB0E6C2-10D9-4400-B0AA-21171B756B64}.RelWithDebInfo|iPhoneSimulator.ActiveCfg = Release|VisualGDB
		{CBB0E6C2-10D9-4400-B0AA-21171B756B64}.RelWithDebInfo|iPhoneSimulator.Build.0 = Release|VisualGDB
		{CBB0E6C2-10D9-4400-B0AA-21171B756B64}.RelWithDebInfo|VisualGDB.ActiveCfg = Release|VisualGDB
		{CBB0E6C2-10D9-4400-B0AA-21171B756B64}.RelWithDebInfo|VisualGDB.Build.0 = Release|VisualGDB
		{1DF41516-8CF7-4E3E-BBA3-138F027A82B3}.Debug|Any CPU.ActiveCfg = Debug|VisualGDB
		{1DF41516-8CF7-4E3E-BBA3-138F027A82B3}.Debug|Any CPU.Build.0 = Debug|VisualGDB
		{1DF41516-8CF7-4E3E-BBA3-138F027A82B3}.Debug|iPhone.ActiveCfg = Debug|VisualGDB
		{1DF41516-8CF7-4E3E-BBA3-138F027A82B3}.Debug|iPhoneSimulator.ActiveCfg = Debug|VisualGDB
		{1DF41516-8CF7-4E3E-BBA3-138F027A82B3}.Debug|VisualGDB.ActiveCfg = Debug|VisualGDB
		{1DF41516-8CF7-4E3E-BBA3-138F027A82B3}.Debug|VisualGDB.Build.0 = Debug|VisualGDB
		{1DF41516-8CF7-4E3E-BBA3-138F027A82B3}.MinSizeRel|Any CPU.ActiveCfg = Release|VisualGDB
		{1DF41516-8CF7-4E3E-BBA3-138F027A82B3}.MinSizeRel|Any CPU.Build.0 = Release|VisualGDB
		{1DF41516-8CF7-4E3E-BBA3-138F027A82B3}.MinSizeRel|iPhone.ActiveCfg = Release|VisualGDB
		{1DF41516-8CF7-4E3E-BBA3-138F027A82B3}.MinSizeRel|iPhone.Build.0 = Release|VisualGDB
		{1DF41516-8CF7-4E3E-BBA3-138F027A82B3}.MinSizeRel|iPhoneSimulator.ActiveCfg = Release|VisualGDB
		{1DF41516-8CF7-4E3E-BBA3-138F027A82B3}.MinSizeRel|iPhoneSimulator.Build.0 = Release|VisualGDB
		{1DF41516-8CF7-4E3E-BBA3-138F027A82B3}.MinSizeRel|VisualGDB.ActiveCfg = Release|VisualGDB
		{1DF41516-8CF7-4E3E-BBA3-138F027A82B3}.MinSizeRel|VisualGDB.Build.0 = Release|VisualGDB
		{1DF41516-8CF7-4E3E-BBA3-138F027A82B3}.Release|Any CPU.ActiveCfg = Release|VisualGDB
		{1DF41516-8CF7-4E3E-BBA3-138F027A82B3}.Release|iPhone.ActiveCfg = Release|VisualGDB
		{1DF41516-8CF7-4E3E-BBA3-138F027A82B3}.Release|iPhoneSimulator.ActiveCfg = Release|VisualGDB
		{1DF41516-8CF7-4E3E-BBA3-138F027A82B3}.Release|VisualGDB.ActiveCfg = Release|VisualGDB
		{1DF41516-8CF7-4E3E-BBA3-138F027A82B3}.Release|VisualGDB.Build.0 = Release|VisualGDB
		{1DF41516-8CF7-4E3E-BBA3-138F027A82B3}.RelWithDebInfo|Any CPU.ActiveCfg = Release|VisualGDB
		{1DF41516-8CF7-4E3E-BBA3-138F027A82B3}.RelWithDebInfo|Any CPU.Build.0 = Release|VisualGDB
		{1DF41516-8CF7-4E3E-BBA3-138F027A82B3}.RelWithDebInfo|iPhone.ActiveCfg = Release|VisualGDB
		{1DF41516-8CF7-4E3E-BBA3-138F027A82B3}.RelWithDebInfo|iPhone.Build.0 = Release|VisualGDB
		{1DF41516-8CF7-4E3E-BBA3-138F027A82B3}.RelWithDebInfo|iPhoneSimulator.ActiveCfg = Release|VisualGDB
		{1DF41516-8CF7-4E3E-BBA3-138F027A82B3}.RelWithDebInfo|iPhoneSimulator.Build.0 = Release|VisualGDB
		{1DF41516-8CF7-4E3E-BBA3-138F027A82B3}.RelWithDebInfo|VisualGDB.ActiveCfg = Release|VisualGDB
		{1DF41516-8CF7-4E3E-BBA3-138F027A82B3}.RelWithDebInfo|VisualGDB.Build.0 = Release|VisualGDB
		{E0B27AC8-4036-46E1-AAB4-CC4177AF88BB}.Debug|Any CPU.ActiveCfg = Debug|VisualGDB
		{E0B27AC8-4036-46E1-AAB4-CC4177AF88BB}.Debug|Any CPU.Build.0 = Debug|VisualGDB
		{E0B27AC8-4036-46E1-AAB4-CC4177AF88BB}.Debug|iPhone.ActiveCfg = Debug|VisualGDB
		{E0B27AC8-4036-46E1-AAB4-CC4177AF88BB}.Debug|iPhoneSimulator.ActiveCfg = Debug|VisualGDB
		{E0B27AC8-4036-46E1-AAB4-CC4177AF88BB}.Debug|VisualGDB.ActiveCfg = Debug|VisualGDB
		{E0B27AC8-4036-46E1-AAB4-CC4177AF88BB}.Debug|VisualGDB.Build.0 = Debug|VisualGDB
		{E0B27AC8-4036-46E1-AAB4-CC4177AF88BB}.MinSizeRel|Any CPU.ActiveCfg = Release|VisualGDB
		{E0B27AC8-4036-46E1-AAB4-CC4177AF88BB}.MinSizeRel|Any CPU.Build.0 = Release|VisualGDB
		{E0B27AC8-4036-46E1-AAB4-CC4177AF88BB}.MinSizeRel|iPhone.ActiveCfg = Release|VisualGDB
		{E0B27AC8-4036-46E1-AAB4-CC4177AF88BB}.MinSizeRel|iPhone.Build.0 = Release|VisualGDB
		{E0B27AC8-4036-46E1-AAB4-CC4177AF88BB}.MinSizeRel|iPhoneSimulator.ActiveCfg = Release|VisualGDB
		{E0B27AC8-4036-46E1-AAB4-CC4177AF88BB}.MinSizeRel|iPhoneSimulator.Build.0 = Release|VisualGDB
		{E0B27AC8-4036-46E1-AAB4-CC4177AF88BB}.MinSizeRel|VisualGDB.ActiveCfg = Release|VisualGDB
		{E0B27AC8-4036-46E1-AAB4-CC4177AF88BB}.MinSizeRel|VisualGDB.Build.0 = Release|VisualGDB
		{E0B27AC8-4036-46E1-AAB4-CC4177AF88BB}.Release|Any CPU.ActiveCfg = Release|VisualGDB
		{E0B27AC8-4036-46E1-AAB4-CC4177AF88BB}.Release|iPhone.ActiveCfg = Release|VisualGDB
		{E0B27AC8-4036-46E1-AAB4-CC4177AF88BB}.Release|iPhoneSimulator.ActiveCfg = Release|VisualGDB
		{E0B27AC8-4036-46E1-AAB4-CC4177AF88BB}.Release|VisualGDB.ActiveCfg = Release|VisualGDB
		{E0B27AC8-4036-46E1-AAB4-CC4177AF88BB}.Release|VisualGDB.Build.0 = Release|VisualGDB
		{E0B27AC8-4036-46E1-AAB4-CC4177AF88BB}.RelWithDebInfo|Any CPU.ActiveCfg = Release|VisualGDB
		{E0B27AC8-4036-46E1-AAB4-CC4177AF88BB}.RelWithDebInfo|Any CPU.Build.0 = Release|VisualGDB
		{E0B27AC8-4036-46E1-AAB4-CC4177AF88BB}.RelWithDebInfo|iPhone.ActiveCfg = Release|VisualGDB
		{E0B27AC8-4036-46E1-AAB4-CC4177AF88BB}.RelWithDebInfo|iPhone.Build.0 = Release|VisualGDB
		{E0B27AC8-4036-46E1-AAB4-CC4177AF88BB}.RelWithDebInfo|iPhoneSimulator.ActiveCfg = Release|VisualGDB
		{E0B27AC8-4036-46E1-AAB4-CC4177AF88BB}.RelWithDebInfo|iPhoneSimulator.Build.0 = Release|VisualGDB
		{E0B27AC8-4036-46E1-AAB4-CC4177AF88BB}.RelWithDebInfo|VisualGDB.ActiveCfg = Release|VisualGDB
		{E0B27AC8-4036-46E1-AAB4-CC4177AF88BB}.RelWithDebInfo|VisualGDB.Build.0 = Release|VisualGDB
		{12FC350C-20F7-420C-8B75-EF8920AB4B3F}.Debug|Any CPU.ActiveCfg = Debug|VisualGDB
		{12FC350C-20F7-420C-8B75-EF8920AB4B3F}.Debug|Any CPU.Build.0 = Debug|VisualGDB
		{12FC350C-20F7-420C-8B75-EF8920AB4B3F}.Debug|iPhone.ActiveCfg = Debug|VisualGDB
		{12FC350C-20F7-420C-8B75-EF8920AB4B3F}.Debug|iPhoneSimulator.ActiveCfg = Debug|VisualGDB
		{12FC350C-20F7-420C-8B75-EF8920AB4B3F}.Debug|VisualGDB.ActiveCfg = Debug|VisualGDB
		{12FC350C-20F7-420C-8B75-EF8920AB4B3F}.Debug|VisualGDB.Build.0 = Debug|VisualGDB
		{12FC350C-20F7-420C-8B75-EF8920AB4B3F}.MinSizeRel|Any CPU.ActiveCfg = Release|VisualGDB
		{12FC350C-20F7-420C-8B75-EF8920AB4B3F}.MinSizeRel|Any CPU.Build.0 = Release|VisualGDB
		{12FC350C-20F7-420C-8B75-EF8920AB4B3F}.MinSizeRel|iPhone.ActiveCfg = Release|VisualGDB
		{12FC350C-20F7-420C-8B75-EF8920AB4B3F}.MinSizeRel|iPhone.Build.0 = Release|VisualGDB
		{12FC350C-20F7-420C-8B75-EF8920AB4B3F}.MinSizeRel|iPhoneSimulator.ActiveCfg = Release|VisualGDB
		{12FC350C-20F7-420C-8B75-EF8920AB4B3F}.MinSizeRel|iPhoneSimulator.Build.0 = Release|VisualGDB
		{12FC350C-20F7-420C-8B75-EF8920AB4B3F}.MinSizeRel|VisualGDB.ActiveCfg = Release|VisualGDB
		{12FC350C-20F7-420C-8B75-EF8920AB4B3F}.MinSizeRel|VisualGDB.Build.0 = Release|VisualGDB
		{12FC350C-20F7-420C-8B75-EF8920AB4B3F}.Release|Any CPU.ActiveCfg = Release|VisualGDB
		{12FC350C-20F7-420C-8B75-EF8920AB4B3F}.Release|iPhone.ActiveCfg = Release|VisualGDB
		{12FC350C-20F7-420C-8B75-EF8920AB4B3F}.Release|iPhoneSimulator.ActiveCfg = Release|VisualGDB
		{12FC350C-20F7-420C-8B75-EF8920AB4B3F}.Release|VisualGDB.ActiveCfg = Release|VisualGDB
		{12FC350C-20F7-420C-8B75-EF8920AB4B3F}.Release|VisualGDB.Build.0 = Release|VisualGDB
		{12FC350C-20F7-420C-8B75-EF8920AB4B3F}.RelWithDebInfo|Any CPU.ActiveCfg = Release|VisualGDB
		{12FC350C-20F7-420C-8B75-EF8920AB4B3F}.RelWithDebInfo|Any CPU.Build.0 = Release|VisualGDB
		{12FC350C-20F7-420C-8B75-EF8920AB4B3F}.RelWithDebInfo|iPhone.ActiveCfg = Release|VisualGDB
		{12FC350C-20F7-420C-8B75-EF8920AB4B3F}.RelWithDebInfo|iPhone.Build.0 = Release|VisualGDB
		{12FC350C-20F7-420C-8B75-EF8920AB4B3F}.RelWithDebInfo|iPhoneSimulator.ActiveCfg = Release|VisualGDB
		{12FC350C-20F7-420C-8B75-EF8920AB4B3F}.RelWithDebInfo|iPhoneSimulator.Build.0 = Release|VisualGDB
		{12FC350C-20F7-420C-8B75-EF8920AB4B3F}.RelWithDebInfo|VisualGDB.ActiveCfg = Release|VisualGDB
		{12FC350C-20F7-420C-8B75-EF8920AB4B3F}.RelWithDebInfo|VisualGDB.Build.0 = Release|VisualGDB
		{12E255AB-46D4-4697-9685-684565C7FD4B}.Debug|Any CPU.ActiveCfg = Debug|VisualGDB
		{12E255AB-46D4-4697-9685-684565C7FD4B}.Debug|iPhone.ActiveCfg = Debug|VisualGDB
		{12E255AB-46D4-4697-9685-684565C7FD4B}.Debug|iPhoneSimulator.ActiveCfg = Debug|VisualGDB
		{12E255AB-46D4-4697-9685-684565C7FD4B}.Debug|VisualGDB.ActiveCfg = Debug|VisualGDB
		{12E255AB-46D4-4697-9685-684565C7FD4B}.Debug|VisualGDB.Build.0 = Debug|VisualGDB
		{12E255AB-46D4-4697-9685-684565C7FD4B}.MinSizeRel|Any CPU.ActiveCfg = Release|VisualGDB
		{12E255AB-46D4-4697-9685-684565C7FD4B}.MinSizeRel|Any CPU.Build.0 = Release|VisualGDB
		{12E255AB-46D4-4697-9685-684565C7FD4B}.MinSizeRel|iPhone.ActiveCfg = Release|VisualGDB
		{12E255AB-46D4-4697-9685-684565C7FD4B}.MinSizeRel|iPhone.Build.0 = Release|VisualGDB
		{12E255AB-46D4-4697-9685-684565C7FD4B}.MinSizeRel|iPhoneSimulator.ActiveCfg = Release|VisualGDB
		{12E255AB-46D4-4697-9685-684565C7FD4B}.MinSizeRel|iPhoneSimulator.Build.0 = Release|VisualGDB
		{12E255AB-46D4-4697-9685-684565C7FD4B}.MinSizeRel|VisualGDB.ActiveCfg = Release|VisualGDB
		{12E255AB-46D4-4697-9685-684565C7FD4B}.MinSizeRel|VisualGDB.Build.0 = Release|VisualGDB
		{12E255AB-46D4-4697-9685-684565C7FD4B}.Release|Any CPU.ActiveCfg = Release|VisualGDB
		{12E255AB-46D4-4697-9685-684565C7FD4B}.Release|iPhone.ActiveCfg = Release|VisualGDB
		{12E255AB-46D4-4697-9685-684565C7FD4B}.Release|iPhoneSimulator.ActiveCfg = Release|VisualGDB
		{12E255AB-46D4-4697-9685-684565C7FD4B}.Release|VisualGDB.ActiveCfg = Release|VisualGDB
		{12E255AB-46D4-4697-9685-684565C7FD4B}.Release|VisualGDB.Build.0 = Release|VisualGDB
		{12E255AB-46D4-4697-9685-684565C7FD4B}.RelWithDebInfo|Any CPU.ActiveCfg = Release|VisualGDB
		{12E255AB-46D4-4697-9685-684565C7FD4B}.RelWithDebInfo|Any CPU.Build.0 = Release|VisualGDB
		{12E255AB-46D4-4697-9685-684565C7FD4B}.RelWithDebInfo|iPhone.ActiveCfg = Release|VisualGDB
		{12E255AB-46D4-4697-9685-684565C7FD4B}.RelWithDebInfo|iPhone.Build.0 = Release|VisualGDB
		{12E255AB-46D4-4697-9685-684565C7FD4B}.RelWithDebInfo|iPhoneSimulator.ActiveCfg = Release|VisualGDB
		{12E255AB-46D4-4697-9685-684565C7FD4B}.RelWithDebInfo|iPhoneSimulator.Build.0 = Release|VisualGDB
		{12E255AB-46D4-4697-9685-684565C7FD4B}.RelWithDebInfo|VisualGDB.ActiveCfg = Release|VisualGDB
		{12E255AB-46D4-4697-9685-684565C7FD4B}.RelWithDebInfo|VisualGDB.Build.0 = Release|VisualGDB
		{18694EB3-8360-454C-B976-8CE8D3524ACA}.Debug|Any CPU.ActiveCfg = Debug|Any CPU
		{18694EB3-8360-454C-B976-8CE8D3524ACA}.Debug|Any CPU.Build.0 = Debug|Any CPU
		{18694EB3-8360-454C-B976-8CE8D3524ACA}.Debug|Any CPU.Deploy.0 = Debug|Any CPU
		{18694EB3-8360-454C-B976-8CE8D3524ACA}.Debug|iPhone.ActiveCfg = Debug|Any CPU
		{18694EB3-8360-454C-B976-8CE8D3524ACA}.Debug|iPhone.Build.0 = Debug|Any CPU
		{18694EB3-8360-454C-B976-8CE8D3524ACA}.Debug|iPhone.Deploy.0 = Debug|Any CPU
		{18694EB3-8360-454C-B976-8CE8D3524ACA}.Debug|iPhoneSimulator.ActiveCfg = Debug|Any CPU
		{18694EB3-8360-454C-B976-8CE8D3524ACA}.Debug|iPhoneSimulator.Build.0 = Debug|Any CPU
		{18694EB3-8360-454C-B976-8CE8D3524ACA}.Debug|iPhoneSimulator.Deploy.0 = Debug|Any CPU
		{18694EB3-8360-454C-B976-8CE8D3524ACA}.Debug|VisualGDB.ActiveCfg = Debug|Any CPU
		{18694EB3-8360-454C-B976-8CE8D3524ACA}.Debug|VisualGDB.Build.0 = Debug|Any CPU
		{18694EB3-8360-454C-B976-8CE8D3524ACA}.Debug|VisualGDB.Deploy.0 = Debug|Any CPU
		{18694EB3-8360-454C-B976-8CE8D3524ACA}.MinSizeRel|Any CPU.ActiveCfg = Debug|Any CPU
		{18694EB3-8360-454C-B976-8CE8D3524ACA}.MinSizeRel|Any CPU.Build.0 = Debug|Any CPU
		{18694EB3-8360-454C-B976-8CE8D3524ACA}.MinSizeRel|Any CPU.Deploy.0 = Debug|Any CPU
		{18694EB3-8360-454C-B976-8CE8D3524ACA}.MinSizeRel|iPhone.ActiveCfg = Debug|Any CPU
		{18694EB3-8360-454C-B976-8CE8D3524ACA}.MinSizeRel|iPhone.Build.0 = Debug|Any CPU
		{18694EB3-8360-454C-B976-8CE8D3524ACA}.MinSizeRel|iPhone.Deploy.0 = Debug|Any CPU
		{18694EB3-8360-454C-B976-8CE8D3524ACA}.MinSizeRel|iPhoneSimulator.ActiveCfg = Debug|Any CPU
		{18694EB3-8360-454C-B976-8CE8D3524ACA}.MinSizeRel|iPhoneSimulator.Build.0 = Debug|Any CPU
		{18694EB3-8360-454C-B976-8CE8D3524ACA}.MinSizeRel|iPhoneSimulator.Deploy.0 = Debug|Any CPU
		{18694EB3-8360-454C-B976-8CE8D3524ACA}.MinSizeRel|VisualGDB.ActiveCfg = Debug|Any CPU
		{18694EB3-8360-454C-B976-8CE8D3524ACA}.MinSizeRel|VisualGDB.Build.0 = Debug|Any CPU
		{18694EB3-8360-454C-B976-8CE8D3524ACA}.MinSizeRel|VisualGDB.Deploy.0 = Debug|Any CPU
		{18694EB3-8360-454C-B976-8CE8D3524ACA}.Release|Any CPU.ActiveCfg = Release|Any CPU
		{18694EB3-8360-454C-B976-8CE8D3524ACA}.Release|Any CPU.Build.0 = Release|Any CPU
		{18694EB3-8360-454C-B976-8CE8D3524ACA}.Release|Any CPU.Deploy.0 = Release|Any CPU
		{18694EB3-8360-454C-B976-8CE8D3524ACA}.Release|iPhone.ActiveCfg = Release|Any CPU
		{18694EB3-8360-454C-B976-8CE8D3524ACA}.Release|iPhone.Build.0 = Release|Any CPU
		{18694EB3-8360-454C-B976-8CE8D3524ACA}.Release|iPhone.Deploy.0 = Release|Any CPU
		{18694EB3-8360-454C-B976-8CE8D3524ACA}.Release|iPhoneSimulator.ActiveCfg = Release|Any CPU
		{18694EB3-8360-454C-B976-8CE8D3524ACA}.Release|iPhoneSimulator.Build.0 = Release|Any CPU
		{18694EB3-8360-454C-B976-8CE8D3524ACA}.Release|iPhoneSimulator.Deploy.0 = Release|Any CPU
		{18694EB3-8360-454C-B976-8CE8D3524ACA}.Release|VisualGDB.ActiveCfg = Release|Any CPU
		{18694EB3-8360-454C-B976-8CE8D3524ACA}.Release|VisualGDB.Build.0 = Release|Any CPU
		{18694EB3-8360-454C-B976-8CE8D3524ACA}.Release|VisualGDB.Deploy.0 = Release|Any CPU
		{18694EB3-8360-454C-B976-8CE8D3524ACA}.RelWithDebInfo|Any CPU.ActiveCfg = Release|Any CPU
		{18694EB3-8360-454C-B976-8CE8D3524ACA}.RelWithDebInfo|Any CPU.Build.0 = Release|Any CPU
		{18694EB3-8360-454C-B976-8CE8D3524ACA}.RelWithDebInfo|Any CPU.Deploy.0 = Release|Any CPU
		{18694EB3-8360-454C-B976-8CE8D3524ACA}.RelWithDebInfo|iPhone.ActiveCfg = Release|Any CPU
		{18694EB3-8360-454C-B976-8CE8D3524ACA}.RelWithDebInfo|iPhone.Build.0 = Release|Any CPU
		{18694EB3-8360-454C-B976-8CE8D3524ACA}.RelWithDebInfo|iPhone.Deploy.0 = Release|Any CPU
		{18694EB3-8360-454C-B976-8CE8D3524ACA}.RelWithDebInfo|iPhoneSimulator.ActiveCfg = Release|Any CPU
		{18694EB3-8360-454C-B976-8CE8D3524ACA}.RelWithDebInfo|iPhoneSimulator.Build.0 = Release|Any CPU
		{18694EB3-8360-454C-B976-8CE8D3524ACA}.RelWithDebInfo|iPhoneSimulator.Deploy.0 = Release|Any CPU
		{18694EB3-8360-454C-B976-8CE8D3524ACA}.RelWithDebInfo|VisualGDB.ActiveCfg = Release|Any CPU
		{18694EB3-8360-454C-B976-8CE8D3524ACA}.RelWithDebInfo|VisualGDB.Build.0 = Release|Any CPU
		{18694EB3-8360-454C-B976-8CE8D3524ACA}.RelWithDebInfo|VisualGDB.Deploy.0 = Release|Any CPU
		{96C529E1-92EA-4C99-959D-E729878B25D5}.Debug|Any CPU.ActiveCfg = Debug|iPhoneSimulator
		{96C529E1-92EA-4C99-959D-E729878B25D5}.Debug|iPhone.ActiveCfg = Debug|iPhone
		{96C529E1-92EA-4C99-959D-E729878B25D5}.Debug|iPhone.Build.0 = Debug|iPhone
		{96C529E1-92EA-4C99-959D-E729878B25D5}.Debug|iPhoneSimulator.ActiveCfg = Debug|iPhoneSimulator
		{96C529E1-92EA-4C99-959D-E729878B25D5}.Debug|iPhoneSimulator.Build.0 = Debug|iPhoneSimulator
		{96C529E1-92EA-4C99-959D-E729878B25D5}.Debug|VisualGDB.ActiveCfg = Debug|iPhoneSimulator
		{96C529E1-92EA-4C99-959D-E729878B25D5}.MinSizeRel|Any CPU.ActiveCfg = Debug|iPhoneSimulator
		{96C529E1-92EA-4C99-959D-E729878B25D5}.MinSizeRel|Any CPU.Build.0 = Debug|iPhoneSimulator
		{96C529E1-92EA-4C99-959D-E729878B25D5}.MinSizeRel|iPhone.ActiveCfg = Debug|iPhone
		{96C529E1-92EA-4C99-959D-E729878B25D5}.MinSizeRel|iPhone.Build.0 = Debug|iPhone
		{96C529E1-92EA-4C99-959D-E729878B25D5}.MinSizeRel|iPhoneSimulator.ActiveCfg = Debug|iPhoneSimulator
		{96C529E1-92EA-4C99-959D-E729878B25D5}.MinSizeRel|iPhoneSimulator.Build.0 = Debug|iPhoneSimulator
		{96C529E1-92EA-4C99-959D-E729878B25D5}.MinSizeRel|VisualGDB.ActiveCfg = Debug|iPhoneSimulator
		{96C529E1-92EA-4C99-959D-E729878B25D5}.MinSizeRel|VisualGDB.Build.0 = Debug|iPhoneSimulator
		{96C529E1-92EA-4C99-959D-E729878B25D5}.Release|Any CPU.ActiveCfg = Release|iPhoneSimulator
		{96C529E1-92EA-4C99-959D-E729878B25D5}.Release|iPhone.ActiveCfg = Release|iPhone
		{96C529E1-92EA-4C99-959D-E729878B25D5}.Release|iPhone.Build.0 = Release|iPhone
		{96C529E1-92EA-4C99-959D-E729878B25D5}.Release|iPhoneSimulator.ActiveCfg = Release|iPhoneSimulator
		{96C529E1-92EA-4C99-959D-E729878B25D5}.Release|iPhoneSimulator.Build.0 = Release|iPhoneSimulator
		{96C529E1-92EA-4C99-959D-E729878B25D5}.Release|VisualGDB.ActiveCfg = Release|iPhoneSimulator
		{96C529E1-92EA-4C99-959D-E729878B25D5}.RelWithDebInfo|Any CPU.ActiveCfg = Debug|iPhoneSimulator
		{96C529E1-92EA-4C99-959D-E729878B25D5}.RelWithDebInfo|Any CPU.Build.0 = Debug|iPhoneSimulator
		{96C529E1-92EA-4C99-959D-E729878B25D5}.RelWithDebInfo|iPhone.ActiveCfg = Release|iPhone
		{96C529E1-92EA-4C99-959D-E729878B25D5}.RelWithDebInfo|iPhone.Build.0 = Release|iPhone
		{96C529E1-92EA-4C99-959D-E729878B25D5}.RelWithDebInfo|iPhoneSimulator.ActiveCfg = Release|iPhoneSimulator
		{96C529E1-92EA-4C99-959D-E729878B25D5}.RelWithDebInfo|iPhoneSimulator.Build.0 = Release|iPhoneSimulator
		{96C529E1-92EA-4C99-959D-E729878B25D5}.RelWithDebInfo|VisualGDB.ActiveCfg = Debug|iPhoneSimulator
		{96C529E1-92EA-4C99-959D-E729878B25D5}.RelWithDebInfo|VisualGDB.Build.0 = Debug|iPhoneSimulator
		{C4D6E11C-32D7-47C1-802C-232BCD820F7A}.Debug|Any CPU.ActiveCfg = Debug|Any CPU
		{C4D6E11C-32D7-47C1-802C-232BCD820F7A}.Debug|Any CPU.Build.0 = Debug|Any CPU
		{C4D6E11C-32D7-47C1-802C-232BCD820F7A}.Debug|iPhone.ActiveCfg = Debug|Any CPU
		{C4D6E11C-32D7-47C1-802C-232BCD820F7A}.Debug|iPhone.Build.0 = Debug|Any CPU
		{C4D6E11C-32D7-47C1-802C-232BCD820F7A}.Debug|iPhoneSimulator.ActiveCfg = Debug|Any CPU
		{C4D6E11C-32D7-47C1-802C-232BCD820F7A}.Debug|iPhoneSimulator.Build.0 = Debug|Any CPU
		{C4D6E11C-32D7-47C1-802C-232BCD820F7A}.Debug|VisualGDB.ActiveCfg = Debug|Any CPU
		{C4D6E11C-32D7-47C1-802C-232BCD820F7A}.Debug|VisualGDB.Build.0 = Debug|Any CPU
		{C4D6E11C-32D7-47C1-802C-232BCD820F7A}.MinSizeRel|Any CPU.ActiveCfg = Debug|Any CPU
		{C4D6E11C-32D7-47C1-802C-232BCD820F7A}.MinSizeRel|Any CPU.Build.0 = Debug|Any CPU
		{C4D6E11C-32D7-47C1-802C-232BCD820F7A}.MinSizeRel|iPhone.ActiveCfg = Debug|Any CPU
		{C4D6E11C-32D7-47C1-802C-232BCD820F7A}.MinSizeRel|iPhone.Build.0 = Debug|Any CPU
		{C4D6E11C-32D7-47C1-802C-232BCD820F7A}.MinSizeRel|iPhoneSimulator.ActiveCfg = Debug|Any CPU
		{C4D6E11C-32D7-47C1-802C-232BCD820F7A}.MinSizeRel|iPhoneSimulator.Build.0 = Debug|Any CPU
		{C4D6E11C-32D7-47C1-802C-232BCD820F7A}.MinSizeRel|VisualGDB.ActiveCfg = Debug|Any CPU
		{C4D6E11C-32D7-47C1-802C-232BCD820F7A}.MinSizeRel|VisualGDB.Build.0 = Debug|Any CPU
		{C4D6E11C-32D7-47C1-802C-232BCD820F7A}.Release|Any CPU.ActiveCfg = Release|Any CPU
		{C4D6E11C-32D7-47C1-802C-232BCD820F7A}.Release|Any CPU.Build.0 = Release|Any CPU
		{C4D6E11C-32D7-47C1-802C-232BCD820F7A}.Release|iPhone.ActiveCfg = Release|Any CPU
		{C4D6E11C-32D7-47C1-802C-232BCD820F7A}.Release|iPhone.Build.0 = Release|Any CPU
		{C4D6E11C-32D7-47C1-802C-232BCD820F7A}.Release|iPhoneSimulator.ActiveCfg = Release|Any CPU
		{C4D6E11C-32D7-47C1-802C-232BCD820F7A}.Release|iPhoneSimulator.Build.0 = Release|Any CPU
		{C4D6E11C-32D7-47C1-802C-232BCD820F7A}.Release|VisualGDB.ActiveCfg = Release|Any CPU
		{C4D6E11C-32D7-47C1-802C-232BCD820F7A}.Release|VisualGDB.Build.0 = Release|Any CPU
		{C4D6E11C-32D7-47C1-802C-232BCD820F7A}.RelWithDebInfo|Any CPU.ActiveCfg = Release|Any CPU
		{C4D6E11C-32D7-47C1-802C-232BCD820F7A}.RelWithDebInfo|Any CPU.Build.0 = Release|Any CPU
		{C4D6E11C-32D7-47C1-802C-232BCD820F7A}.RelWithDebInfo|iPhone.ActiveCfg = Release|Any CPU
		{C4D6E11C-32D7-47C1-802C-232BCD820F7A}.RelWithDebInfo|iPhone.Build.0 = Release|Any CPU
		{C4D6E11C-32D7-47C1-802C-232BCD820F7A}.RelWithDebInfo|iPhoneSimulator.ActiveCfg = Release|Any CPU
		{C4D6E11C-32D7-47C1-802C-232BCD820F7A}.RelWithDebInfo|iPhoneSimulator.Build.0 = Release|Any CPU
		{C4D6E11C-32D7-47C1-802C-232BCD820F7A}.RelWithDebInfo|VisualGDB.ActiveCfg = Release|Any CPU
		{C4D6E11C-32D7-47C1-802C-232BCD820F7A}.RelWithDebInfo|VisualGDB.Build.0 = Release|Any CPU
		{84D1713C-137F-437E-AFC7-5F082437AA73}.Debug|Any CPU.ActiveCfg = Debug|VisualGDB
		{84D1713C-137F-437E-AFC7-5F082437AA73}.Debug|iPhone.ActiveCfg = Debug|VisualGDB
		{84D1713C-137F-437E-AFC7-5F082437AA73}.Debug|iPhoneSimulator.ActiveCfg = Debug|VisualGDB
		{84D1713C-137F-437E-AFC7-5F082437AA73}.Debug|VisualGDB.ActiveCfg = Debug|VisualGDB
		{84D1713C-137F-437E-AFC7-5F082437AA73}.Debug|VisualGDB.Build.0 = Debug|VisualGDB
		{84D1713C-137F-437E-AFC7-5F082437AA73}.MinSizeRel|Any CPU.ActiveCfg = Release|VisualGDB
		{84D1713C-137F-437E-AFC7-5F082437AA73}.MinSizeRel|Any CPU.Build.0 = Release|VisualGDB
		{84D1713C-137F-437E-AFC7-5F082437AA73}.MinSizeRel|iPhone.ActiveCfg = Release|VisualGDB
		{84D1713C-137F-437E-AFC7-5F082437AA73}.MinSizeRel|iPhone.Build.0 = Release|VisualGDB
		{84D1713C-137F-437E-AFC7-5F082437AA73}.MinSizeRel|iPhoneSimulator.ActiveCfg = Release|VisualGDB
		{84D1713C-137F-437E-AFC7-5F082437AA73}.MinSizeRel|iPhoneSimulator.Build.0 = Release|VisualGDB
		{84D1713C-137F-437E-AFC7-5F082437AA73}.MinSizeRel|VisualGDB.ActiveCfg = Release|VisualGDB
		{84D1713C-137F-437E-AFC7-5F082437AA73}.MinSizeRel|VisualGDB.Build.0 = Release|VisualGDB
		{84D1713C-137F-437E-AFC7-5F082437AA73}.Release|Any CPU.ActiveCfg = Release|VisualGDB
		{84D1713C-137F-437E-AFC7-5F082437AA73}.Release|iPhone.ActiveCfg = Release|VisualGDB
		{84D1713C-137F-437E-AFC7-5F082437AA73}.Release|iPhoneSimulator.ActiveCfg = Release|VisualGDB
		{84D1713C-137F-437E-AFC7-5F082437AA73}.Release|VisualGDB.ActiveCfg = Release|VisualGDB
		{84D1713C-137F-437E-AFC7-5F082437AA73}.Release|VisualGDB.Build.0 = Release|VisualGDB
		{84D1713C-137F-437E-AFC7-5F082437AA73}.RelWithDebInfo|Any CPU.ActiveCfg = Release|VisualGDB
		{84D1713C-137F-437E-AFC7-5F082437AA73}.RelWithDebInfo|Any CPU.Build.0 = Release|VisualGDB
		{84D1713C-137F-437E-AFC7-5F082437AA73}.RelWithDebInfo|iPhone.ActiveCfg = Release|VisualGDB
		{84D1713C-137F-437E-AFC7-5F082437AA73}.RelWithDebInfo|iPhone.Build.0 = Release|VisualGDB
		{84D1713C-137F-437E-AFC7-5F082437AA73}.RelWithDebInfo|iPhoneSimulator.ActiveCfg = Release|VisualGDB
		{84D1713C-137F-437E-AFC7-5F082437AA73}.RelWithDebInfo|iPhoneSimulator.Build.0 = Release|VisualGDB
		{84D1713C-137F-437E-AFC7-5F082437AA73}.RelWithDebInfo|VisualGDB.ActiveCfg = Release|VisualGDB
		{84D1713C-137F-437E-AFC7-5F082437AA73}.RelWithDebInfo|VisualGDB.Build.0 = Release|VisualGDB
	EndGlobalSection
	GlobalSection(SolutionProperties) = preSolution
		HideSolutionNode = FALSE
	EndGlobalSection
	GlobalSection(NestedProjects) = preSolution
		{8C361292-1874-4820-9056-4753694C92EB} = {615E2A77-7A43-4EC9-82BA-904833CEF007}
		{66C55411-6A3B-464C-8303-2767B2E36E61} = {615E2A77-7A43-4EC9-82BA-904833CEF007}
		{F4B46F02-E818-40BC-829C-1DBCA8DA16FF} = {FB47F6AF-B420-4BC3-8208-CEE9509863D2}
		{FB47F6AF-B420-4BC3-8208-CEE9509863D2} = {615E2A77-7A43-4EC9-82BA-904833CEF007}
		{FB365DA3-8ACC-43FF-BCDC-79A6A1D78006} = {FB47F6AF-B420-4BC3-8208-CEE9509863D2}
		{F20DCED5-681E-46B6-A869-C85D23EC982F} = {E2B33E75-64D0-4C0A-93A8-D52978A85C77}
		{BD313634-AF8A-43A7-81C5-7AD0C3785229} = {E2B33E75-64D0-4C0A-93A8-D52978A85C77}
		{8040B59D-9BA0-4D2A-99FF-1FFB9ED68AAD} = {E2B33E75-64D0-4C0A-93A8-D52978A85C77}
		{6660C456-FB0D-4F2A-AC6A-4B99C6A92AED} = {E2B33E75-64D0-4C0A-93A8-D52978A85C77}
		{CBB0E6C2-10D9-4400-B0AA-21171B756B64} = {615E2A77-7A43-4EC9-82BA-904833CEF007}
		{1DF41516-8CF7-4E3E-BBA3-138F027A82B3} = {615E2A77-7A43-4EC9-82BA-904833CEF007}
		{30850577-DECF-45EC-9B32-43452BED2BA8} = {615E2A77-7A43-4EC9-82BA-904833CEF007}
		{E0B27AC8-4036-46E1-AAB4-CC4177AF88BB} = {30850577-DECF-45EC-9B32-43452BED2BA8}
		{12FC350C-20F7-420C-8B75-EF8920AB4B3F} = {30850577-DECF-45EC-9B32-43452BED2BA8}
		{18694EB3-8360-454C-B976-8CE8D3524ACA} = {2471D347-E4D4-4932-8D29-3DC720320CB7}
		{96C529E1-92EA-4C99-959D-E729878B25D5} = {2471D347-E4D4-4932-8D29-3DC720320CB7}
		{C4D6E11C-32D7-47C1-802C-232BCD820F7A} = {2471D347-E4D4-4932-8D29-3DC720320CB7}
		{84D1713C-137F-437E-AFC7-5F082437AA73} = {615E2A77-7A43-4EC9-82BA-904833CEF007}
	EndGlobalSection
	GlobalSection(ExtensibilityGlobals) = postSolution
		SolutionGuid = {54459A25-80DB-4E6C-BA50-BE2AC6F773E0}
	EndGlobalSection
EndGlobal
